// !$*UTF8*$!
{
	archiveVersion = 1;
	classes = {
	};
	objectVersion = 50;
	objects = {

/* Begin PBXBuildFile section */
		4A524449D0AB39E0BF560CDF /* libPods-BOHAN-Custom.a in Frameworks */ = {isa = PBXBuildFile; fileRef = 7D28760051FE06F93E146C73 /* libPods-BOHAN-Custom.a */; };
		4DAF19F02181FE1300B91F80 /* AppDelegate.m in Sources */ = {isa = PBXBuildFile; fileRef = 4DAF19EF2181FE1300B91F80 /* AppDelegate.m */; };
		4DAF19F32181FE1300B91F80 /* ViewController.m in Sources */ = {isa = PBXBuildFile; fileRef = 4DAF19F22181FE1300B91F80 /* ViewController.m */; };
		4DAF19F62181FE1300B91F80 /* Main.storyboard in Resources */ = {isa = PBXBuildFile; fileRef = 4DAF19F42181FE1300B91F80 /* Main.storyboard */; };
		4DAF19F82181FE1400B91F80 /* Assets.xcassets in Resources */ = {isa = PBXBuildFile; fileRef = 4DAF19F72181FE1400B91F80 /* Assets.xcassets */; };
		4DAF19FB2181FE1400B91F80 /* LaunchScreen.storyboard in Resources */ = {isa = PBXBuildFile; fileRef = 4DAF19F92181FE1400B91F80 /* LaunchScreen.storyboard */; };
		4DAF19FE2181FE1400B91F80 /* main.m in Sources */ = {isa = PBXBuildFile; fileRef = 4DAF19FD2181FE1400B91F80 /* main.m */; };
		4DAF1A082181FE1400B91F80 /* BOHAN_CustomTests.m in Sources */ = {isa = PBXBuildFile; fileRef = 4DAF1A072181FE1400B91F80 /* BOHAN_CustomTests.m */; };
		4DAF1A132181FE1400B91F80 /* BOHAN_CustomUITests.m in Sources */ = {isa = PBXBuildFile; fileRef = 4DAF1A122181FE1400B91F80 /* BOHAN_CustomUITests.m */; };
		4DAF1A242182061800B91F80 /* BCTabBarController.m in Sources */ = {isa = PBXBuildFile; fileRef = 4DAF1A232182061800B91F80 /* BCTabBarController.m */; };
		4DAF1A3721820AA000B91F80 /* ManagementViewController.m in Sources */ = {isa = PBXBuildFile; fileRef = 4DAF1A2A21820AA000B91F80 /* ManagementViewController.m */; };
		4DAF1A3821820AA000B91F80 /* ManagementViewController.xib in Resources */ = {isa = PBXBuildFile; fileRef = 4DAF1A2B21820AA000B91F80 /* ManagementViewController.xib */; };
		4DAF1A3921820AA000B91F80 /* ListViewController.xib in Resources */ = {isa = PBXBuildFile; fileRef = 4DAF1A2E21820AA000B91F80 /* ListViewController.xib */; };
		4DAF1A3A21820AA000B91F80 /* ListViewController.m in Sources */ = {isa = PBXBuildFile; fileRef = 4DAF1A2F21820AA000B91F80 /* ListViewController.m */; };
		4DAF1A3B21820AA000B91F80 /* GCDAsyncUdpSocket.m in Sources */ = {isa = PBXBuildFile; fileRef = 4DAF1A3321820AA000B91F80 /* GCDAsyncUdpSocket.m */; };
		4DAF1A3C21820AA000B91F80 /* GCDAsyncSocket.m in Sources */ = {isa = PBXBuildFile; fileRef = 4DAF1A3421820AA000B91F80 /* GCDAsyncSocket.m */; };
		4DAF1A4021820DE100B91F80 /* BCNavigationController.m in Sources */ = {isa = PBXBuildFile; fileRef = 4DAF1A3F21820DE100B91F80 /* BCNavigationController.m */; };
/* End PBXBuildFile section */

/* Begin PBXContainerItemProxy section */
		4DAF1A042181FE1400B91F80 /* PBXContainerItemProxy */ = {
			isa = PBXContainerItemProxy;
			containerPortal = 4DAF19E32181FE1300B91F80 /* Project object */;
			proxyType = 1;
			remoteGlobalIDString = 4DAF19EA2181FE1300B91F80;
			remoteInfo = "BOHAN-Custom";
		};
		4DAF1A0F2181FE1400B91F80 /* PBXContainerItemProxy */ = {
			isa = PBXContainerItemProxy;
			containerPortal = 4DAF19E32181FE1300B91F80 /* Project object */;
			proxyType = 1;
			remoteGlobalIDString = 4DAF19EA2181FE1300B91F80;
			remoteInfo = "BOHAN-Custom";
		};
/* End PBXContainerItemProxy section */

/* Begin PBXFileReference section */
		1CE126BC766BBFA3A5AFB227 /* Pods-BOHAN-Custom.debug.xcconfig */ = {isa = PBXFileReference; includeInIndex = 1; lastKnownFileType = text.xcconfig; name = "Pods-BOHAN-Custom.debug.xcconfig"; path = "Pods/Target Support Files/Pods-BOHAN-Custom/Pods-BOHAN-Custom.debug.xcconfig"; sourceTree = "<group>"; };
		4DAF19EB2181FE1300B91F80 /* BOHAN-Custom.app */ = {isa = PBXFileReference; explicitFileType = wrapper.application; includeInIndex = 0; path = "BOHAN-Custom.app"; sourceTree = BUILT_PRODUCTS_DIR; };
		4DAF19EE2181FE1300B91F80 /* AppDelegate.h */ = {isa = PBXFileReference; lastKnownFileType = sourcecode.c.h; path = AppDelegate.h; sourceTree = "<group>"; };
		4DAF19EF2181FE1300B91F80 /* AppDelegate.m */ = {isa = PBXFileReference; lastKnownFileType = sourcecode.c.objc; path = AppDelegate.m; sourceTree = "<group>"; };
		4DAF19F12181FE1300B91F80 /* ViewController.h */ = {isa = PBXFileReference; lastKnownFileType = sourcecode.c.h; path = ViewController.h; sourceTree = "<group>"; };
		4DAF19F22181FE1300B91F80 /* ViewController.m */ = {isa = PBXFileReference; lastKnownFileType = sourcecode.c.objc; path = ViewController.m; sourceTree = "<group>"; };
		4DAF19F52181FE1300B91F80 /* Base */ = {isa = PBXFileReference; lastKnownFileType = file.storyboard; name = Base; path = Base.lproj/Main.storyboard; sourceTree = "<group>"; };
		4DAF19F72181FE1400B91F80 /* Assets.xcassets */ = {isa = PBXFileReference; lastKnownFileType = folder.assetcatalog; path = Assets.xcassets; sourceTree = "<group>"; };
		4DAF19FA2181FE1400B91F80 /* Base */ = {isa = PBXFileReference; lastKnownFileType = file.storyboard; name = Base; path = Base.lproj/LaunchScreen.storyboard; sourceTree = "<group>"; };
		4DAF19FC2181FE1400B91F80 /* Info.plist */ = {isa = PBXFileReference; lastKnownFileType = text.plist.xml; path = Info.plist; sourceTree = "<group>"; };
		4DAF19FD2181FE1400B91F80 /* main.m */ = {isa = PBXFileReference; lastKnownFileType = sourcecode.c.objc; path = main.m; sourceTree = "<group>"; };
		4DAF1A032181FE1400B91F80 /* BOHAN-CustomTests.xctest */ = {isa = PBXFileReference; explicitFileType = wrapper.cfbundle; includeInIndex = 0; path = "BOHAN-CustomTests.xctest"; sourceTree = BUILT_PRODUCTS_DIR; };
		4DAF1A072181FE1400B91F80 /* BOHAN_CustomTests.m */ = {isa = PBXFileReference; lastKnownFileType = sourcecode.c.objc; path = BOHAN_CustomTests.m; sourceTree = "<group>"; };
		4DAF1A092181FE1400B91F80 /* Info.plist */ = {isa = PBXFileReference; lastKnownFileType = text.plist.xml; path = Info.plist; sourceTree = "<group>"; };
		4DAF1A0E2181FE1400B91F80 /* BOHAN-CustomUITests.xctest */ = {isa = PBXFileReference; explicitFileType = wrapper.cfbundle; includeInIndex = 0; path = "BOHAN-CustomUITests.xctest"; sourceTree = BUILT_PRODUCTS_DIR; };
		4DAF1A122181FE1400B91F80 /* BOHAN_CustomUITests.m */ = {isa = PBXFileReference; lastKnownFileType = sourcecode.c.objc; path = BOHAN_CustomUITests.m; sourceTree = "<group>"; };
		4DAF1A142181FE1400B91F80 /* Info.plist */ = {isa = PBXFileReference; lastKnownFileType = text.plist.xml; path = Info.plist; sourceTree = "<group>"; };
		4DAF1A222182061800B91F80 /* BCTabBarController.h */ = {isa = PBXFileReference; lastKnownFileType = sourcecode.c.h; path = BCTabBarController.h; sourceTree = "<group>"; };
		4DAF1A232182061800B91F80 /* BCTabBarController.m */ = {isa = PBXFileReference; lastKnownFileType = sourcecode.c.objc; path = BCTabBarController.m; sourceTree = "<group>"; };
		4DAF1A2A21820AA000B91F80 /* ManagementViewController.m */ = {isa = PBXFileReference; fileEncoding = 4; lastKnownFileType = sourcecode.c.objc; path = ManagementViewController.m; sourceTree = "<group>"; };
		4DAF1A2B21820AA000B91F80 /* ManagementViewController.xib */ = {isa = PBXFileReference; fileEncoding = 4; lastKnownFileType = file.xib; path = ManagementViewController.xib; sourceTree = "<group>"; };
		4DAF1A2C21820AA000B91F80 /* ManagementViewController.h */ = {isa = PBXFileReference; fileEncoding = 4; lastKnownFileType = sourcecode.c.h; path = ManagementViewController.h; sourceTree = "<group>"; };
		4DAF1A2E21820AA000B91F80 /* ListViewController.xib */ = {isa = PBXFileReference; fileEncoding = 4; lastKnownFileType = file.xib; path = ListViewController.xib; sourceTree = "<group>"; };
		4DAF1A2F21820AA000B91F80 /* ListViewController.m */ = {isa = PBXFileReference; fileEncoding = 4; lastKnownFileType = sourcecode.c.objc; path = ListViewController.m; sourceTree = "<group>"; };
		4DAF1A3021820AA000B91F80 /* ListViewController.h */ = {isa = PBXFileReference; fileEncoding = 4; lastKnownFileType = sourcecode.c.h; path = ListViewController.h; sourceTree = "<group>"; };
		4DAF1A3321820AA000B91F80 /* GCDAsyncUdpSocket.m */ = {isa = PBXFileReference; fileEncoding = 4; lastKnownFileType = sourcecode.c.objc; path = GCDAsyncUdpSocket.m; sourceTree = "<group>"; };
		4DAF1A3421820AA000B91F80 /* GCDAsyncSocket.m */ = {isa = PBXFileReference; fileEncoding = 4; lastKnownFileType = sourcecode.c.objc; path = GCDAsyncSocket.m; sourceTree = "<group>"; };
		4DAF1A3521820AA000B91F80 /* GCDAsyncUdpSocket.h */ = {isa = PBXFileReference; fileEncoding = 4; lastKnownFileType = sourcecode.c.h; path = GCDAsyncUdpSocket.h; sourceTree = "<group>"; };
		4DAF1A3621820AA000B91F80 /* GCDAsyncSocket.h */ = {isa = PBXFileReference; fileEncoding = 4; lastKnownFileType = sourcecode.c.h; path = GCDAsyncSocket.h; sourceTree = "<group>"; };
		4DAF1A3D21820ABC00B91F80 /* PrefixHeader.pch */ = {isa = PBXFileReference; lastKnownFileType = sourcecode.c.h; path = PrefixHeader.pch; sourceTree = "<group>"; };
		4DAF1A3E21820DE100B91F80 /* BCNavigationController.h */ = {isa = PBXFileReference; lastKnownFileType = sourcecode.c.h; path = BCNavigationController.h; sourceTree = "<group>"; };
		4DAF1A3F21820DE100B91F80 /* BCNavigationController.m */ = {isa = PBXFileReference; lastKnownFileType = sourcecode.c.objc; path = BCNavigationController.m; sourceTree = "<group>"; };
		7D28760051FE06F93E146C73 /* libPods-BOHAN-Custom.a */ = {isa = PBXFileReference; explicitFileType = archive.ar; includeInIndex = 0; path = "libPods-BOHAN-Custom.a"; sourceTree = BUILT_PRODUCTS_DIR; };
		D37C5EEA1CE84ABF8C49AE43 /* Pods-BOHAN-Custom.release.xcconfig */ = {isa = PBXFileReference; includeInIndex = 1; lastKnownFileType = text.xcconfig; name = "Pods-BOHAN-Custom.release.xcconfig"; path = "Pods/Target Support Files/Pods-BOHAN-Custom/Pods-BOHAN-Custom.release.xcconfig"; sourceTree = "<group>"; };
/* End PBXFileReference section */

/* Begin PBXFrameworksBuildPhase section */
		4DAF19E82181FE1300B91F80 /* Frameworks */ = {
			isa = PBXFrameworksBuildPhase;
			buildActionMask = 2147483647;
			files = (
				4A524449D0AB39E0BF560CDF /* libPods-BOHAN-Custom.a in Frameworks */,
			);
			runOnlyForDeploymentPostprocessing = 0;
		};
		4DAF1A002181FE1400B91F80 /* Frameworks */ = {
			isa = PBXFrameworksBuildPhase;
			buildActionMask = 2147483647;
			files = (
			);
			runOnlyForDeploymentPostprocessing = 0;
		};
		4DAF1A0B2181FE1400B91F80 /* Frameworks */ = {
			isa = PBXFrameworksBuildPhase;
			buildActionMask = 2147483647;
			files = (
			);
			runOnlyForDeploymentPostprocessing = 0;
		};
/* End PBXFrameworksBuildPhase section */

/* Begin PBXGroup section */
		08C96659199A0D01D4425400 /* Frameworks */ = {
			isa = PBXGroup;
			children = (
				7D28760051FE06F93E146C73 /* libPods-BOHAN-Custom.a */,
			);
			name = Frameworks;
			sourceTree = "<group>";
		};
		4DAF19E22181FE1300B91F80 = {
			isa = PBXGroup;
			children = (
				4DAF19ED2181FE1300B91F80 /* BOHAN-Custom */,
				4DAF1A062181FE1400B91F80 /* BOHAN-CustomTests */,
				4DAF1A112181FE1400B91F80 /* BOHAN-CustomUITests */,
				4DAF19EC2181FE1300B91F80 /* Products */,
				82BD8797992267F2F4C5490F /* Pods */,
				08C96659199A0D01D4425400 /* Frameworks */,
			);
			sourceTree = "<group>";
		};
		4DAF19EC2181FE1300B91F80 /* Products */ = {
			isa = PBXGroup;
			children = (
				4DAF19EB2181FE1300B91F80 /* BOHAN-Custom.app */,
				4DAF1A032181FE1400B91F80 /* BOHAN-CustomTests.xctest */,
				4DAF1A0E2181FE1400B91F80 /* BOHAN-CustomUITests.xctest */,
			);
			name = Products;
			sourceTree = "<group>";
		};
		4DAF19ED2181FE1300B91F80 /* BOHAN-Custom */ = {
			isa = PBXGroup;
			children = (
				4DAF1A202181FE2700B91F80 /* Main */,
				4DAF1A2821820AA000B91F80 /* ViewController */,
				4DAF1A3D21820ABC00B91F80 /* PrefixHeader.pch */,
				4DAF19EE2181FE1300B91F80 /* AppDelegate.h */,
				4DAF19EF2181FE1300B91F80 /* AppDelegate.m */,
				4DAF19F12181FE1300B91F80 /* ViewController.h */,
				4DAF19F22181FE1300B91F80 /* ViewController.m */,
				4DAF19F42181FE1300B91F80 /* Main.storyboard */,
				4DAF19F72181FE1400B91F80 /* Assets.xcassets */,
				4DAF19F92181FE1400B91F80 /* LaunchScreen.storyboard */,
				4DAF19FC2181FE1400B91F80 /* Info.plist */,
				4DAF19FD2181FE1400B91F80 /* main.m */,
			);
			path = "BOHAN-Custom";
			sourceTree = "<group>";
		};
		4DAF1A062181FE1400B91F80 /* BOHAN-CustomTests */ = {
			isa = PBXGroup;
			children = (
				4DAF1A072181FE1400B91F80 /* BOHAN_CustomTests.m */,
				4DAF1A092181FE1400B91F80 /* Info.plist */,
			);
			path = "BOHAN-CustomTests";
			sourceTree = "<group>";
		};
		4DAF1A112181FE1400B91F80 /* BOHAN-CustomUITests */ = {
			isa = PBXGroup;
			children = (
				4DAF1A122181FE1400B91F80 /* BOHAN_CustomUITests.m */,
				4DAF1A142181FE1400B91F80 /* Info.plist */,
			);
			path = "BOHAN-CustomUITests";
			sourceTree = "<group>";
		};
		4DAF1A202181FE2700B91F80 /* Main */ = {
			isa = PBXGroup;
			children = (
				4DAF1A222182061800B91F80 /* BCTabBarController.h */,
				4DAF1A232182061800B91F80 /* BCTabBarController.m */,
				4DAF1A3E21820DE100B91F80 /* BCNavigationController.h */,
				4DAF1A3F21820DE100B91F80 /* BCNavigationController.m */,
			);
			path = Main;
			sourceTree = "<group>";
		};
		4DAF1A2821820AA000B91F80 /* ViewController */ = {
			isa = PBXGroup;
			children = (
				4DAF1A2921820AA000B91F80 /* Management */,
				4DAF1A2D21820AA000B91F80 /* List  */,
				4DAF1A3121820AA000B91F80 /* Method */,
			);
			path = ViewController;
			sourceTree = "<group>";
		};
		4DAF1A2921820AA000B91F80 /* Management */ = {
			isa = PBXGroup;
			children = (
				4DAF1A2A21820AA000B91F80 /* ManagementViewController.m */,
				4DAF1A2B21820AA000B91F80 /* ManagementViewController.xib */,
				4DAF1A2C21820AA000B91F80 /* ManagementViewController.h */,
			);
			path = Management;
			sourceTree = "<group>";
		};
		4DAF1A2D21820AA000B91F80 /* List  */ = {
			isa = PBXGroup;
			children = (
				4DAF1A2E21820AA000B91F80 /* ListViewController.xib */,
				4DAF1A2F21820AA000B91F80 /* ListViewController.m */,
				4DAF1A3021820AA000B91F80 /* ListViewController.h */,
			);
			path = "List ";
			sourceTree = "<group>";
		};
		4DAF1A3121820AA000B91F80 /* Method */ = {
			isa = PBXGroup;
			children = (
				4DAF1A3221820AA000B91F80 /* GCDAsync */,
			);
			path = Method;
			sourceTree = "<group>";
		};
		4DAF1A3221820AA000B91F80 /* GCDAsync */ = {
			isa = PBXGroup;
			children = (
				4DAF1A3321820AA000B91F80 /* GCDAsyncUdpSocket.m */,
				4DAF1A3421820AA000B91F80 /* GCDAsyncSocket.m */,
				4DAF1A3521820AA000B91F80 /* GCDAsyncUdpSocket.h */,
				4DAF1A3621820AA000B91F80 /* GCDAsyncSocket.h */,
			);
			path = GCDAsync;
			sourceTree = "<group>";
		};
		82BD8797992267F2F4C5490F /* Pods */ = {
			isa = PBXGroup;
			children = (
				1CE126BC766BBFA3A5AFB227 /* Pods-BOHAN-Custom.debug.xcconfig */,
				D37C5EEA1CE84ABF8C49AE43 /* Pods-BOHAN-Custom.release.xcconfig */,
			);
			name = Pods;
			sourceTree = "<group>";
		};
/* End PBXGroup section */

/* Begin PBXNativeTarget section */
		4DAF19EA2181FE1300B91F80 /* BOHAN-Custom */ = {
			isa = PBXNativeTarget;
			buildConfigurationList = 4DAF1A172181FE1400B91F80 /* Build configuration list for PBXNativeTarget "BOHAN-Custom" */;
			buildPhases = (
				AC02C4ACE7730132C72F6F39 /* [CP] Check Pods Manifest.lock */,
				4DAF19E72181FE1300B91F80 /* Sources */,
				4DAF19E82181FE1300B91F80 /* Frameworks */,
				4DAF19E92181FE1300B91F80 /* Resources */,
				AA570E1DE3A056DF15F4A6EE /* [CP] Copy Pods Resources */,
			);
			buildRules = (
			);
			dependencies = (
			);
			name = "BOHAN-Custom";
			productName = "BOHAN-Custom";
			productReference = 4DAF19EB2181FE1300B91F80 /* BOHAN-Custom.app */;
			productType = "com.apple.product-type.application";
		};
		4DAF1A022181FE1400B91F80 /* BOHAN-CustomTests */ = {
			isa = PBXNativeTarget;
			buildConfigurationList = 4DAF1A1A2181FE1400B91F80 /* Build configuration list for PBXNativeTarget "BOHAN-CustomTests" */;
			buildPhases = (
				4DAF19FF2181FE1400B91F80 /* Sources */,
				4DAF1A002181FE1400B91F80 /* Frameworks */,
				4DAF1A012181FE1400B91F80 /* Resources */,
			);
			buildRules = (
			);
			dependencies = (
				4DAF1A052181FE1400B91F80 /* PBXTargetDependency */,
			);
			name = "BOHAN-CustomTests";
			productName = "BOHAN-CustomTests";
			productReference = 4DAF1A032181FE1400B91F80 /* BOHAN-CustomTests.xctest */;
			productType = "com.apple.product-type.bundle.unit-test";
		};
		4DAF1A0D2181FE1400B91F80 /* BOHAN-CustomUITests */ = {
			isa = PBXNativeTarget;
			buildConfigurationList = 4DAF1A1D2181FE1400B91F80 /* Build configuration list for PBXNativeTarget "BOHAN-CustomUITests" */;
			buildPhases = (
				4DAF1A0A2181FE1400B91F80 /* Sources */,
				4DAF1A0B2181FE1400B91F80 /* Frameworks */,
				4DAF1A0C2181FE1400B91F80 /* Resources */,
			);
			buildRules = (
			);
			dependencies = (
				4DAF1A102181FE1400B91F80 /* PBXTargetDependency */,
			);
			name = "BOHAN-CustomUITests";
			productName = "BOHAN-CustomUITests";
			productReference = 4DAF1A0E2181FE1400B91F80 /* BOHAN-CustomUITests.xctest */;
			productType = "com.apple.product-type.bundle.ui-testing";
		};
/* End PBXNativeTarget section */

/* Begin PBXProject section */
		4DAF19E32181FE1300B91F80 /* Project object */ = {
			isa = PBXProject;
			attributes = {
				LastUpgradeCheck = 1000;
				ORGANIZATIONNAME = "张鹏";
				TargetAttributes = {
					4DAF19EA2181FE1300B91F80 = {
						CreatedOnToolsVersion = 10.0;
					};
					4DAF1A022181FE1400B91F80 = {
						CreatedOnToolsVersion = 10.0;
						TestTargetID = 4DAF19EA2181FE1300B91F80;
					};
					4DAF1A0D2181FE1400B91F80 = {
						CreatedOnToolsVersion = 10.0;
						TestTargetID = 4DAF19EA2181FE1300B91F80;
					};
				};
			};
			buildConfigurationList = 4DAF19E62181FE1300B91F80 /* Build configuration list for PBXProject "BOHAN-Custom" */;
			compatibilityVersion = "Xcode 9.3";
			developmentRegion = en;
			hasScannedForEncodings = 0;
			knownRegions = (
				en,
				Base,
			);
			mainGroup = 4DAF19E22181FE1300B91F80;
			productRefGroup = 4DAF19EC2181FE1300B91F80 /* Products */;
			projectDirPath = "";
			projectRoot = "";
			targets = (
				4DAF19EA2181FE1300B91F80 /* BOHAN-Custom */,
				4DAF1A022181FE1400B91F80 /* BOHAN-CustomTests */,
				4DAF1A0D2181FE1400B91F80 /* BOHAN-CustomUITests */,
			);
		};
/* End PBXProject section */

/* Begin PBXResourcesBuildPhase section */
		4DAF19E92181FE1300B91F80 /* Resources */ = {
			isa = PBXResourcesBuildPhase;
			buildActionMask = 2147483647;
			files = (
				4DAF19FB2181FE1400B91F80 /* LaunchScreen.storyboard in Resources */,
				4DAF1A3821820AA000B91F80 /* ManagementViewController.xib in Resources */,
				4DAF1A3921820AA000B91F80 /* ListViewController.xib in Resources */,
				4DAF19F82181FE1400B91F80 /* Assets.xcassets in Resources */,
				4DAF19F62181FE1300B91F80 /* Main.storyboard in Resources */,
			);
			runOnlyForDeploymentPostprocessing = 0;
		};
		4DAF1A012181FE1400B91F80 /* Resources */ = {
			isa = PBXResourcesBuildPhase;
			buildActionMask = 2147483647;
			files = (
			);
			runOnlyForDeploymentPostprocessing = 0;
		};
		4DAF1A0C2181FE1400B91F80 /* Resources */ = {
			isa = PBXResourcesBuildPhase;
			buildActionMask = 2147483647;
			files = (
			);
			runOnlyForDeploymentPostprocessing = 0;
		};
/* End PBXResourcesBuildPhase section */

/* Begin PBXShellScriptBuildPhase section */
		AA570E1DE3A056DF15F4A6EE /* [CP] Copy Pods Resources */ = {
			isa = PBXShellScriptBuildPhase;
			buildActionMask = 2147483647;
			files = (
			);
			inputFileListPaths = (
			);
			inputPaths = (
				"${SRCROOT}/Pods/Target Support Files/Pods-BOHAN-Custom/Pods-BOHAN-Custom-resources.sh",
				"${PODS_ROOT}/SVProgressHUD/SVProgressHUD/SVProgressHUD.bundle",
			);
			name = "[CP] Copy Pods Resources";
			outputFileListPaths = (
			);
			outputPaths = (
				"${TARGET_BUILD_DIR}/${UNLOCALIZED_RESOURCES_FOLDER_PATH}/SVProgressHUD.bundle",
			);
			runOnlyForDeploymentPostprocessing = 0;
			shellPath = /bin/sh;
			shellScript = "\"${SRCROOT}/Pods/Target Support Files/Pods-BOHAN-Custom/Pods-BOHAN-Custom-resources.sh\"\n";
			showEnvVarsInLog = 0;
		};
		AC02C4ACE7730132C72F6F39 /* [CP] Check Pods Manifest.lock */ = {
			isa = PBXShellScriptBuildPhase;
			buildActionMask = 2147483647;
			files = (
			);
			inputFileListPaths = (
			);
			inputPaths = (
				"${PODS_PODFILE_DIR_PATH}/Podfile.lock",
				"${PODS_ROOT}/Manifest.lock",
			);
			name = "[CP] Check Pods Manifest.lock";
			outputFileListPaths = (
			);
			outputPaths = (
				"$(DERIVED_FILE_DIR)/Pods-BOHAN-Custom-checkManifestLockResult.txt",
			);
			runOnlyForDeploymentPostprocessing = 0;
			shellPath = /bin/sh;
			shellScript = "diff \"${PODS_PODFILE_DIR_PATH}/Podfile.lock\" \"${PODS_ROOT}/Manifest.lock\" > /dev/null\nif [ $? != 0 ] ; then\n    # print error to STDERR\n    echo \"error: The sandbox is not in sync with the Podfile.lock. Run 'pod install' or update your CocoaPods installation.\" >&2\n    exit 1\nfi\n# This output is used by Xcode 'outputs' to avoid re-running this script phase.\necho \"SUCCESS\" > \"${SCRIPT_OUTPUT_FILE_0}\"\n";
			showEnvVarsInLog = 0;
		};
/* End PBXShellScriptBuildPhase section */

/* Begin PBXSourcesBuildPhase section */
		4DAF19E72181FE1300B91F80 /* Sources */ = {
			isa = PBXSourcesBuildPhase;
			buildActionMask = 2147483647;
			files = (
				4DAF1A242182061800B91F80 /* BCTabBarController.m in Sources */,
				4DAF1A3721820AA000B91F80 /* ManagementViewController.m in Sources */,
				4DAF1A3A21820AA000B91F80 /* ListViewController.m in Sources */,
				4DAF19F32181FE1300B91F80 /* ViewController.m in Sources */,
				4DAF1A3B21820AA000B91F80 /* GCDAsyncUdpSocket.m in Sources */,
				4DAF19FE2181FE1400B91F80 /* main.m in Sources */,
				4DAF1A3C21820AA000B91F80 /* GCDAsyncSocket.m in Sources */,
				4DAF1A4021820DE100B91F80 /* BCNavigationController.m in Sources */,
				4DAF19F02181FE1300B91F80 /* AppDelegate.m in Sources */,
			);
			runOnlyForDeploymentPostprocessing = 0;
		};
		4DAF19FF2181FE1400B91F80 /* Sources */ = {
			isa = PBXSourcesBuildPhase;
			buildActionMask = 2147483647;
			files = (
				4DAF1A082181FE1400B91F80 /* BOHAN_CustomTests.m in Sources */,
			);
			runOnlyForDeploymentPostprocessing = 0;
		};
		4DAF1A0A2181FE1400B91F80 /* Sources */ = {
			isa = PBXSourcesBuildPhase;
			buildActionMask = 2147483647;
			files = (
				4DAF1A132181FE1400B91F80 /* BOHAN_CustomUITests.m in Sources */,
			);
			runOnlyForDeploymentPostprocessing = 0;
		};
/* End PBXSourcesBuildPhase section */

/* Begin PBXTargetDependency section */
		4DAF1A052181FE1400B91F80 /* PBXTargetDependency */ = {
			isa = PBXTargetDependency;
			target = 4DAF19EA2181FE1300B91F80 /* BOHAN-Custom */;
			targetProxy = 4DAF1A042181FE1400B91F80 /* PBXContainerItemProxy */;
		};
		4DAF1A102181FE1400B91F80 /* PBXTargetDependency */ = {
			isa = PBXTargetDependency;
			target = 4DAF19EA2181FE1300B91F80 /* BOHAN-Custom */;
			targetProxy = 4DAF1A0F2181FE1400B91F80 /* PBXContainerItemProxy */;
		};
/* End PBXTargetDependency section */

/* Begin PBXVariantGroup section */
		4DAF19F42181FE1300B91F80 /* Main.storyboard */ = {
			isa = PBXVariantGroup;
			children = (
				4DAF19F52181FE1300B91F80 /* Base */,
			);
			name = Main.storyboard;
			sourceTree = "<group>";
		};
		4DAF19F92181FE1400B91F80 /* LaunchScreen.storyboard */ = {
			isa = PBXVariantGroup;
			children = (
				4DAF19FA2181FE1400B91F80 /* Base */,
			);
			name = LaunchScreen.storyboard;
			sourceTree = "<group>";
		};
/* End PBXVariantGroup section */

/* Begin XCBuildConfiguration section */
		4DAF1A152181FE1400B91F80 /* Debug */ = {
			isa = XCBuildConfiguration;
			buildSettings = {
				ALWAYS_SEARCH_USER_PATHS = NO;
				CLANG_ANALYZER_NONNULL = YES;
				CLANG_ANALYZER_NUMBER_OBJECT_CONVERSION = YES_AGGRESSIVE;
				CLANG_CXX_LANGUAGE_STANDARD = "gnu++14";
				CLANG_CXX_LIBRARY = "libc++";
				CLANG_ENABLE_MODULES = YES;
				CLANG_ENABLE_OBJC_ARC = YES;
				CLANG_ENABLE_OBJC_WEAK = YES;
				CLANG_WARN_BLOCK_CAPTURE_AUTORELEASING = YES;
				CLANG_WARN_BOOL_CONVERSION = YES;
				CLANG_WARN_COMMA = YES;
				CLANG_WARN_CONSTANT_CONVERSION = YES;
				CLANG_WARN_DEPRECATED_OBJC_IMPLEMENTATIONS = YES;
				CLANG_WARN_DIRECT_OBJC_ISA_USAGE = YES_ERROR;
				CLANG_WARN_DOCUMENTATION_COMMENTS = YES;
				CLANG_WARN_EMPTY_BODY = YES;
				CLANG_WARN_ENUM_CONVERSION = YES;
				CLANG_WARN_INFINITE_RECURSION = YES;
				CLANG_WARN_INT_CONVERSION = YES;
				CLANG_WARN_NON_LITERAL_NULL_CONVERSION = YES;
				CLANG_WARN_OBJC_IMPLICIT_RETAIN_SELF = YES;
				CLANG_WARN_OBJC_LITERAL_CONVERSION = YES;
				CLANG_WARN_OBJC_ROOT_CLASS = YES_ERROR;
				CLANG_WARN_RANGE_LOOP_ANALYSIS = YES;
				CLANG_WARN_STRICT_PROTOTYPES = YES;
				CLANG_WARN_SUSPICIOUS_MOVE = YES;
				CLANG_WARN_UNGUARDED_AVAILABILITY = YES_AGGRESSIVE;
				CLANG_WARN_UNREACHABLE_CODE = YES;
				CLANG_WARN__DUPLICATE_METHOD_MATCH = YES;
				CODE_SIGN_IDENTITY = "iPhone Developer";
				COPY_PHASE_STRIP = NO;
				DEBUG_INFORMATION_FORMAT = dwarf;
				ENABLE_STRICT_OBJC_MSGSEND = YES;
				ENABLE_TESTABILITY = YES;
				GCC_C_LANGUAGE_STANDARD = gnu11;
				GCC_DYNAMIC_NO_PIC = NO;
				GCC_NO_COMMON_BLOCKS = YES;
				GCC_OPTIMIZATION_LEVEL = 0;
				GCC_PREPROCESSOR_DEFINITIONS = (
					"DEBUG=1",
					"$(inherited)",
				);
				GCC_WARN_64_TO_32_BIT_CONVERSION = YES;
				GCC_WARN_ABOUT_RETURN_TYPE = YES_ERROR;
				GCC_WARN_UNDECLARED_SELECTOR = YES;
				GCC_WARN_UNINITIALIZED_AUTOS = YES_AGGRESSIVE;
				GCC_WARN_UNUSED_FUNCTION = YES;
				GCC_WARN_UNUSED_VARIABLE = YES;
				IPHONEOS_DEPLOYMENT_TARGET = 12.0;
				MTL_ENABLE_DEBUG_INFO = INCLUDE_SOURCE;
				MTL_FAST_MATH = YES;
				ONLY_ACTIVE_ARCH = YES;
				SDKROOT = iphoneos;
			};
			name = Debug;
		};
		4DAF1A162181FE1400B91F80 /* Release */ = {
			isa = XCBuildConfiguration;
			buildSettings = {
				ALWAYS_SEARCH_USER_PATHS = NO;
				CLANG_ANALYZER_NONNULL = YES;
				CLANG_ANALYZER_NUMBER_OBJECT_CONVERSION = YES_AGGRESSIVE;
				CLANG_CXX_LANGUAGE_STANDARD = "gnu++14";
				CLANG_CXX_LIBRARY = "libc++";
				CLANG_ENABLE_MODULES = YES;
				CLANG_ENABLE_OBJC_ARC = YES;
				CLANG_ENABLE_OBJC_WEAK = YES;
				CLANG_WARN_BLOCK_CAPTURE_AUTORELEASING = YES;
				CLANG_WARN_BOOL_CONVERSION = YES;
				CLANG_WARN_COMMA = YES;
				CLANG_WARN_CONSTANT_CONVERSION = YES;
				CLANG_WARN_DEPRECATED_OBJC_IMPLEMENTATIONS = YES;
				CLANG_WARN_DIRECT_OBJC_ISA_USAGE = YES_ERROR;
				CLANG_WARN_DOCUMENTATION_COMMENTS = YES;
				CLANG_WARN_EMPTY_BODY = YES;
				CLANG_WARN_ENUM_CONVERSION = YES;
				CLANG_WARN_INFINITE_RECURSION = YES;
				CLANG_WARN_INT_CONVERSION = YES;
				CLANG_WARN_NON_LITERAL_NULL_CONVERSION = YES;
				CLANG_WARN_OBJC_IMPLICIT_RETAIN_SELF = YES;
				CLANG_WARN_OBJC_LITERAL_CONVERSION = YES;
				CLANG_WARN_OBJC_ROOT_CLASS = YES_ERROR;
				CLANG_WARN_RANGE_LOOP_ANALYSIS = YES;
				CLANG_WARN_STRICT_PROTOTYPES = YES;
				CLANG_WARN_SUSPICIOUS_MOVE = YES;
				CLANG_WARN_UNGUARDED_AVAILABILITY = YES_AGGRESSIVE;
				CLANG_WARN_UNREACHABLE_CODE = YES;
				CLANG_WARN__DUPLICATE_METHOD_MATCH = YES;
				CODE_SIGN_IDENTITY = "iPhone Developer";
				COPY_PHASE_STRIP = NO;
				DEBUG_INFORMATION_FORMAT = "dwarf-with-dsym";
				ENABLE_NS_ASSERTIONS = NO;
				ENABLE_STRICT_OBJC_MSGSEND = YES;
				GCC_C_LANGUAGE_STANDARD = gnu11;
				GCC_NO_COMMON_BLOCKS = YES;
				GCC_WARN_64_TO_32_BIT_CONVERSION = YES;
				GCC_WARN_ABOUT_RETURN_TYPE = YES_ERROR;
				GCC_WARN_UNDECLARED_SELECTOR = YES;
				GCC_WARN_UNINITIALIZED_AUTOS = YES_AGGRESSIVE;
				GCC_WARN_UNUSED_FUNCTION = YES;
				GCC_WARN_UNUSED_VARIABLE = YES;
				IPHONEOS_DEPLOYMENT_TARGET = 12.0;
				MTL_ENABLE_DEBUG_INFO = NO;
				MTL_FAST_MATH = YES;
				SDKROOT = iphoneos;
				VALIDATE_PRODUCT = YES;
			};
			name = Release;
		};
		4DAF1A182181FE1400B91F80 /* Debug */ = {
			isa = XCBuildConfiguration;
			baseConfigurationReference = 1CE126BC766BBFA3A5AFB227 /* Pods-BOHAN-Custom.debug.xcconfig */;
			buildSettings = {
				ASSETCATALOG_COMPILER_APPICON_NAME = AppIcon;
				ASSETCATALOG_COMPILER_LAUNCHIMAGE_NAME = LaunchImage;
				CODE_SIGN_STYLE = Automatic;
				GCC_PRECOMPILE_PREFIX_HEADER = YES;
				GCC_PREFIX_HEADER = "$(SRCROOT)/BOHAN-Custom/PrefixHeader.pch";
				INFOPLIST_FILE = "BOHAN-Custom/Info.plist";
				LD_RUNPATH_SEARCH_PATHS = (
					"$(inherited)",
					"@executable_path/Frameworks",
				);
				PRODUCT_BUNDLE_IDENTIFIER = "zhangpeng.BOHAN-Custom";
				PRODUCT_NAME = "$(TARGET_NAME)";
				TARGETED_DEVICE_FAMILY = "1,2";
			};
			name = Debug;
		};
		4DAF1A192181FE1400B91F80 /* Release */ = {
			isa = XCBuildConfiguration;
			baseConfigurationReference = D37C5EEA1CE84ABF8C49AE43 /* Pods-BOHAN-Custom.release.xcconfig */;
			buildSettings = {
				ASSETCATALOG_COMPILER_APPICON_NAME = AppIcon;
				ASSETCATALOG_COMPILER_LAUNCHIMAGE_NAME = LaunchImage;
				CODE_SIGN_STYLE = Automatic;
				GCC_PRECOMPILE_PREFIX_HEADER = YES;
				GCC_PREFIX_HEADER = "$(SRCROOT)/BOHAN-Custom/PrefixHeader.pch";
				INFOPLIST_FILE = "BOHAN-Custom/Info.plist";
				LD_RUNPATH_SEARCH_PATHS = (
					"$(inherited)",
					"@executable_path/Frameworks",
				);
				PRODUCT_BUNDLE_IDENTIFIER = "zhangpeng.BOHAN-Custom";
				PRODUCT_NAME = "$(TARGET_NAME)";
				TARGETED_DEVICE_FAMILY = "1,2";
			};
			name = Release;
		};
		4DAF1A1B2181FE1400B91F80 /* Debug */ = {
			isa = XCBuildConfiguration;
			buildSettings = {
				BUNDLE_LOADER = "$(TEST_HOST)";
				CODE_SIGN_STYLE = Automatic;
				INFOPLIST_FILE = "BOHAN-CustomTests/Info.plist";
				LD_RUNPATH_SEARCH_PATHS = (
					"$(inherited)",
					"@executable_path/Frameworks",
					"@loader_path/Frameworks",
				);
				PRODUCT_BUNDLE_IDENTIFIER = "zhangpeng.BOHAN-CustomTests";
				PRODUCT_NAME = "$(TARGET_NAME)";
				TARGETED_DEVICE_FAMILY = "1,2";
				TEST_HOST = "$(BUILT_PRODUCTS_DIR)/BOHAN-Custom.app/BOHAN-Custom";
			};
			name = Debug;
		};
		4DAF1A1C2181FE1400B91F80 /* Release */ = {
			isa = XCBuildConfiguration;
			buildSettings = {
				BUNDLE_LOADER = "$(TEST_HOST)";
				CODE_SIGN_STYLE = Automatic;
				INFOPLIST_FILE = "BOHAN-CustomTests/Info.plist";
				LD_RUNPATH_SEARCH_PATHS = (
					"$(inherited)",
					"@executable_path/Frameworks",
					"@loader_path/Frameworks",
				);
				PRODUCT_BUNDLE_IDENTIFIER = "zhangpeng.BOHAN-CustomTests";
				PRODUCT_NAME = "$(TARGET_NAME)";
				TARGETED_DEVICE_FAMILY = "1,2";
				TEST_HOST = "$(BUILT_PRODUCTS_DIR)/BOHAN-Custom.app/BOHAN-Custom";
			};
			name = Release;
		};
		4DAF1A1E2181FE1400B91F80 /* Debug */ = {
			isa = XCBuildConfiguration;
			buildSettings = {
				CODE_SIGN_STYLE = Automatic;
				INFOPLIST_FILE = "BOHAN-CustomUITests/Info.plist";
				LD_RUNPATH_SEARCH_PATHS = (
					"$(inherited)",
					"@executable_path/Frameworks",
					"@loader_path/Frameworks",
				);
				PRODUCT_BUNDLE_IDENTIFIER = "zhangpeng.BOHAN-CustomUITests";
				PRODUCT_NAME = "$(TARGET_NAME)";
				TARGETED_DEVICE_FAMILY = "1,2";
				TEST_TARGET_NAME = "BOHAN-Custom";
			};
			name = Debug;
		};
		4DAF1A1F2181FE1400B91F80 /* Release */ = {
			isa = XCBuildConfiguration;
			buildSettings = {
				CODE_SIGN_STYLE = Automatic;
				INFOPLIST_FILE = "BOHAN-CustomUITests/Info.plist";
				LD_RUNPATH_SEARCH_PATHS = (
					"$(inherited)",
					"@executable_path/Frameworks",
					"@loader_path/Frameworks",
				);
				PRODUCT_BUNDLE_IDENTIFIER = "zhangpeng.BOHAN-CustomUITests";
				PRODUCT_NAME = "$(TARGET_NAME)";
				TARGETED_DEVICE_FAMILY = "1,2";
				TEST_TARGET_NAME = "BOHAN-Custom";
			};
			name = Release;
		};
/* End XCBuildConfiguration section */

/* Begin XCConfigurationList section */
		4DAF19E62181FE1300B91F80 /* Build configuration list for PBXProject "BOHAN-Custom" */ = {
			isa = XCConfigurationList;
			buildConfigurations = (
				4DAF1A152181FE1400B91F80 /* Debug */,
				4DAF1A162181FE1400B91F80 /* Release */,
			);
			defaultConfigurationIsVisible = 0;
			defaultConfigurationName = Release;
		};
		4DAF1A172181FE1400B91F80 /* Build configuration list for PBXNativeTarget "BOHAN-Custom" */ = {
			isa = XCConfigurationList;
			buildConfigurations = (
				4DAF1A182181FE1400B91F80 /* Debug */,
				4DAF1A192181FE1400B91F80 /* Release */,
			);
			defaultConfigurationIsVisible = 0;
			defaultConfigurationName = Release;
		};
		4DAF1A1A2181FE1400B91F80 /* Build configuration list for PBXNativeTarget "BOHAN-CustomTests" */ = {
			isa = XCConfigurationList;
			buildConfigurations = (
				4DAF1A1B2181FE1400B91F80 /* Debug */,
				4DAF1A1C2181FE1400B91F80 /* Release */,
			);
			defaultConfigurationIsVisible = 0;
			defaultConfigurationName = Release;
		};
		4DAF1A1D2181FE1400B91F80 /* Build configuration list for PBXNativeTarget "BOHAN-CustomUITests" */ = {
			isa = XCConfigurationList;
			buildConfigurations = (
				4DAF1A1E2181FE1400B91F80 /* Debug */,
				4DAF1A1F2181FE1400B91F80 /* Release */,
			);
			defaultConfigurationIsVisible = 0;
			defaultConfigurationName = Release;
		};
/* End XCConfigurationList section */
	};
	rootObject = 4DAF19E32181FE1300B91F80 /* Project object */;
}
