// !$*UTF8*$!
{
	archiveVersion = 1;
	classes = {
	};
	objectVersion = 50;
	objects = {

/* Begin PBXBuildFile section */
		4A524449D0AB39E0BF560CDF /* libPods-BOHAN-Custom.a in Frameworks */ = {isa = PBXBuildFile; fileRef = 7D28760051FE06F93E146C73 /* libPods-BOHAN-Custom.a */; };
		4DAF19F02181FE1300B91F80 /* AppDelegate.m in Sources */ = {isa = PBXBuildFile; fileRef = 4DAF19EF2181FE1300B91F80 /* AppDelegate.m */; };
		4DAF19F32181FE1300B91F80 /* ViewController.m in Sources */ = {isa = PBXBuildFile; fileRef = 4DAF19F22181FE1300B91F80 /* ViewController.m */; };
		4DAF19F62181FE1300B91F80 /* Main.storyboard in Resources */ = {isa = PBXBuildFile; fileRef = 4DAF19F42181FE1300B91F80 /* Main.storyboard */; };
		4DAF19F82181FE1400B91F80 /* Assets.xcassets in Resources */ = {isa = PBXBuildFile; fileRef = 4DAF19F72181FE1400B91F80 /* Assets.xcassets */; };
		4DAF19FB2181FE1400B91F80 /* LaunchScreen.storyboard in Resources */ = {isa = PBXBuildFile; fileRef = 4DAF19F92181FE1400B91F80 /* LaunchScreen.storyboard */; };
		4DAF19FE2181FE1400B91F80 /* main.m in Sources */ = {isa = PBXBuildFile; fileRef = 4DAF19FD2181FE1400B91F80 /* main.m */; };
		4DAF1A082181FE1400B91F80 /* BOHAN_CustomTests.m in Sources */ = {isa = PBXBuildFile; fileRef = 4DAF1A072181FE1400B91F80 /* BOHAN_CustomTests.m */; };
		4DAF1A132181FE1400B91F80 /* BOHAN_CustomUITests.m in Sources */ = {isa = PBXBuildFile; fileRef = 4DAF1A122181FE1400B91F80 /* BOHAN_CustomUITests.m */; };
		4DAF1A242182061800B91F80 /* BCTabBarController.m in Sources */ = {isa = PBXBuildFile; fileRef = 4DAF1A232182061800B91F80 /* BCTabBarController.m */; };
		4DAF1A3721820AA000B91F80 /* ManagementViewController.m in Sources */ = {isa = PBXBuildFile; fileRef = 4DAF1A2A21820AA000B91F80 /* ManagementViewController.m */; };
		4DAF1A3821820AA000B91F80 /* ManagementViewController.xib in Resources */ = {isa = PBXBuildFile; fileRef = 4DAF1A2B21820AA000B91F80 /* ManagementViewController.xib */; };
		4DAF1A3921820AA000B91F80 /* ListViewController.xib in Resources */ = {isa = PBXBuildFile; fileRef = 4DAF1A2E21820AA000B91F80 /* ListViewController.xib */; };
		4DAF1A3A21820AA000B91F80 /* ListViewController.m in Sources */ = {isa = PBXBuildFile; fileRef = 4DAF1A2F21820AA000B91F80 /* ListViewController.m */; };
		4DAF1A3B21820AA000B91F80 /* GCDAsyncUdpSocket.m in Sources */ = {isa = PBXBuildFile; fileRef = 4DAF1A3321820AA000B91F80 /* GCDAsyncUdpSocket.m */; };
		4DAF1A3C21820AA000B91F80 /* GCDAsyncSocket.m in Sources */ = {isa = PBXBuildFile; fileRef = 4DAF1A3421820AA000B91F80 /* GCDAsyncSocket.m */; };
		4DAF1A4021820DE100B91F80 /* BCNavigationController.m in Sources */ = {isa = PBXBuildFile; fileRef = 4DAF1A3F21820DE100B91F80 /* BCNavigationController.m */; };
		C40A7BBB218D70EB0064BA1F /* NsData.m in Sources */ = {isa = PBXBuildFile; fileRef = C40A7BBA218D70EB0064BA1F /* NsData.m */; };
		C442326B218C3FD80071ADE3 /* SoapManager.m in Sources */ = {isa = PBXBuildFile; fileRef = C442326A218C3FD80071ADE3 /* SoapManager.m */; };
		C442326E218C40E70071ADE3 /* XMLUtil.m in Sources */ = {isa = PBXBuildFile; fileRef = C442326D218C40E60071ADE3 /* XMLUtil.m */; };
		C44A6BF521931E67003D50BE /* CFNetwork.framework in Frameworks */ = {isa = PBXBuildFile; fileRef = C44A6BF421931E67003D50BE /* CFNetwork.framework */; };
		C44A6BF8219320B5003D50BE /* ZHeartBeatSocket.m in Sources */ = {isa = PBXBuildFile; fileRef = C44A6BF7219320B5003D50BE /* ZHeartBeatSocket.m */; };
		C4604C422185497500CD41A5 /* EdgetTextField.m in Sources */ = {isa = PBXBuildFile; fileRef = C4604C402185497500CD41A5 /* EdgetTextField.m */; };
		C4604C692185546F00CD41A5 /* LoginViewController.xib in Resources */ = {isa = PBXBuildFile; fileRef = C4604C682185546F00CD41A5 /* LoginViewController.xib */; };
		C4604C6C2185548000CD41A5 /* LoginViewController.m in Sources */ = {isa = PBXBuildFile; fileRef = C4604C6B2185548000CD41A5 /* LoginViewController.m */; };
		C4604C71218556E800CD41A5 /* UserInfoManager.m in Sources */ = {isa = PBXBuildFile; fileRef = C4604C70218556E800CD41A5 /* UserInfoManager.m */; };
		C4604C8121855D4D00CD41A5 /* RegisterViewController.m in Sources */ = {isa = PBXBuildFile; fileRef = C4604C7F21855D4D00CD41A5 /* RegisterViewController.m */; };
		C4604C8221855D4D00CD41A5 /* RegisterViewController.xib in Resources */ = {isa = PBXBuildFile; fileRef = C4604C8021855D4D00CD41A5 /* RegisterViewController.xib */; };
		C4604C88218569FD00CD41A5 /* InformationController.m in Sources */ = {isa = PBXBuildFile; fileRef = C4604C86218569FD00CD41A5 /* InformationController.m */; };
		C4604C89218569FD00CD41A5 /* InformationController.xib in Resources */ = {isa = PBXBuildFile; fileRef = C4604C87218569FD00CD41A5 /* InformationController.xib */; };
		C4604C8E21856A3700CD41A5 /* InformationViewCell.m in Sources */ = {isa = PBXBuildFile; fileRef = C4604C8C21856A3700CD41A5 /* InformationViewCell.m */; };
		C4604C8F21856A3700CD41A5 /* InformationViewCell.xib in Resources */ = {isa = PBXBuildFile; fileRef = C4604C8D21856A3700CD41A5 /* InformationViewCell.xib */; };
		C4604C9421859FE100CD41A5 /* RegistrationAgreementController.xib in Resources */ = {isa = PBXBuildFile; fileRef = C4604C9221859FE100CD41A5 /* RegistrationAgreementController.xib */; };
		C4604C9521859FE100CD41A5 /* RegistrationAgreementController.m in Sources */ = {isa = PBXBuildFile; fileRef = C4604C9321859FE100CD41A5 /* RegistrationAgreementController.m */; };
		C4604C9A2185C4EA00CD41A5 /* BindingDeviceController.m in Sources */ = {isa = PBXBuildFile; fileRef = C4604C982185C4EA00CD41A5 /* BindingDeviceController.m */; };
		C4604C9B2185C4EA00CD41A5 /* BindingDeviceController.xib in Resources */ = {isa = PBXBuildFile; fileRef = C4604C992185C4EA00CD41A5 /* BindingDeviceController.xib */; };
		C4AA868D2183F98B0013307D /* ManagementCell.m in Sources */ = {isa = PBXBuildFile; fileRef = C4AA868B2183F98B0013307D /* ManagementCell.m */; };
		C4AA868E2183F98B0013307D /* ManagementCell.xib in Resources */ = {isa = PBXBuildFile; fileRef = C4AA868C2183F98B0013307D /* ManagementCell.xib */; };
		C4AA87C02184120C0013307D /* UIBarButtonItem+Button.m in Sources */ = {isa = PBXBuildFile; fileRef = C4AA87BF2184120C0013307D /* UIBarButtonItem+Button.m */; };
		C4AA87C42184122F0013307D /* UIView+Frame.m in Sources */ = {isa = PBXBuildFile; fileRef = C4AA87C32184122F0013307D /* UIView+Frame.m */; };
		C4AA87C7218413060013307D /* UIViewController+NavigationBar.m in Sources */ = {isa = PBXBuildFile; fileRef = C4AA87C6218413060013307D /* UIViewController+NavigationBar.m */; };
		C4AA87CC218416320013307D /* UIColor+Extension.m in Sources */ = {isa = PBXBuildFile; fileRef = C4AA87CB218416320013307D /* UIColor+Extension.m */; };
		C4AA87E1218434BB0013307D /* BindingController.m in Sources */ = {isa = PBXBuildFile; fileRef = C4AA87DF218434BB0013307D /* BindingController.m */; };
		C4AA87E2218434BB0013307D /* BindingController.xib in Resources */ = {isa = PBXBuildFile; fileRef = C4AA87E0218434BB0013307D /* BindingController.xib */; };
		C4AA87E72184517B0013307D /* ListTableViewCell.m in Sources */ = {isa = PBXBuildFile; fileRef = C4AA87E52184517B0013307D /* ListTableViewCell.m */; };
		C4AA87E82184517B0013307D /* ListTableViewCell.xib in Resources */ = {isa = PBXBuildFile; fileRef = C4AA87E62184517B0013307D /* ListTableViewCell.xib */; };
		C4AA87F3218463DC0013307D /* SingleListViewCell.m in Sources */ = {isa = PBXBuildFile; fileRef = C4AA87F1218463DC0013307D /* SingleListViewCell.m */; };
		C4AA87F4218463DC0013307D /* SingleListViewCell.xib in Resources */ = {isa = PBXBuildFile; fileRef = C4AA87F2218463DC0013307D /* SingleListViewCell.xib */; };
		C4AA87F8218465810013307D /* SingleListController.m in Sources */ = {isa = PBXBuildFile; fileRef = C4AA87F6218465810013307D /* SingleListController.m */; };
		C4AA87F9218465810013307D /* SingleListController.xib in Resources */ = {isa = PBXBuildFile; fileRef = C4AA87F7218465810013307D /* SingleListController.xib */; };
		C4C36AB42185F24A0079D6AE /* CHKeychain.m in Sources */ = {isa = PBXBuildFile; fileRef = C4C36AB32185F24A0079D6AE /* CHKeychain.m */; };
		C4C36AB72186FE170079D6AE /* libsqlite3.tbd in Frameworks */ = {isa = PBXBuildFile; fileRef = C4C36AB62186FE170079D6AE /* libsqlite3.tbd */; };
		C4C36ABA218711600079D6AE /* CountDownViewController.xib in Resources */ = {isa = PBXBuildFile; fileRef = C4C36AB9218711600079D6AE /* CountDownViewController.xib */; };
		C4C36ABD2187116B0079D6AE /* CountDownViewController.m in Sources */ = {isa = PBXBuildFile; fileRef = C4C36ABC2187116B0079D6AE /* CountDownViewController.m */; };
		C4C36AC3218712020079D6AE /* STLoopProgressView+BaseConfiguration.m in Sources */ = {isa = PBXBuildFile; fileRef = C4C36AC0218712020079D6AE /* STLoopProgressView+BaseConfiguration.m */; };
		C4C36AC4218712020079D6AE /* STLoopProgressView.m in Sources */ = {isa = PBXBuildFile; fileRef = C4C36AC2218712020079D6AE /* STLoopProgressView.m */; };
		C4C36AC7218713460079D6AE /* CountdownView.xib in Resources */ = {isa = PBXBuildFile; fileRef = C4C36AC6218713460079D6AE /* CountdownView.xib */; };
		C4C36ACA2187135E0079D6AE /* CountdownView.m in Sources */ = {isa = PBXBuildFile; fileRef = C4C36AC92187135E0079D6AE /* CountdownView.m */; };
		C4C36ACE218714480079D6AE /* NSTimer+Action.m in Sources */ = {isa = PBXBuildFile; fileRef = C4C36ACD218714480079D6AE /* NSTimer+Action.m */; };
		C4C36ADB218716D80079D6AE /* WSDatePickerView.strings in Resources */ = {isa = PBXBuildFile; fileRef = C4C36AD0218716D80079D6AE /* WSDatePickerView.strings */; };
		C4C36ADC218716D80079D6AE /* WSDatePickerView.xib in Resources */ = {isa = PBXBuildFile; fileRef = C4C36AD6218716D80079D6AE /* WSDatePickerView.xib */; };
		C4C36ADD218716D80079D6AE /* WSDatePickerView.m in Sources */ = {isa = PBXBuildFile; fileRef = C4C36AD8218716D80079D6AE /* WSDatePickerView.m */; };
		C4C36ADE218716D80079D6AE /* NSDate+Extension.m in Sources */ = {isa = PBXBuildFile; fileRef = C4C36AD9218716D80079D6AE /* NSDate+Extension.m */; };
		C4C36ADF218716D80079D6AE /* UIView+Extension.m in Sources */ = {isa = PBXBuildFile; fileRef = C4C36ADA218716D80079D6AE /* UIView+Extension.m */; };
		C4C36AE321872B470079D6AE /* UserModel.m in Sources */ = {isa = PBXBuildFile; fileRef = C4C36AE221872B470079D6AE /* UserModel.m */; };
		C4C36AE72187D8310079D6AE /* BindingModel.m in Sources */ = {isa = PBXBuildFile; fileRef = C4C36AE62187D8310079D6AE /* BindingModel.m */; };
		C4C36AE9218838830079D6AE /* UIKit.framework in Frameworks */ = {isa = PBXBuildFile; fileRef = C4C36AE8218838830079D6AE /* UIKit.framework */; };
		C4C36AEB218838A60079D6AE /* Foundation.framework in Frameworks */ = {isa = PBXBuildFile; fileRef = C4C36AEA218838A60079D6AE /* Foundation.framework */; };
		C4C36AED218838BC0079D6AE /* CoreGraphics.framework in Frameworks */ = {isa = PBXBuildFile; fileRef = C4C36AEC218838BC0079D6AE /* CoreGraphics.framework */; };
		C4C40A162189E82400233497 /* Utils.m in Sources */ = {isa = PBXBuildFile; fileRef = C4C40A142189E82400233497 /* Utils.m */; };
/* End PBXBuildFile section */

/* Begin PBXContainerItemProxy section */
		4DAF1A042181FE1400B91F80 /* PBXContainerItemProxy */ = {
			isa = PBXContainerItemProxy;
			containerPortal = 4DAF19E32181FE1300B91F80 /* Project object */;
			proxyType = 1;
			remoteGlobalIDString = 4DAF19EA2181FE1300B91F80;
			remoteInfo = "BOHAN-Custom";
		};
		4DAF1A0F2181FE1400B91F80 /* PBXContainerItemProxy */ = {
			isa = PBXContainerItemProxy;
			containerPortal = 4DAF19E32181FE1300B91F80 /* Project object */;
			proxyType = 1;
			remoteGlobalIDString = 4DAF19EA2181FE1300B91F80;
			remoteInfo = "BOHAN-Custom";
		};
/* End PBXContainerItemProxy section */

/* Begin PBXFileReference section */
		1CE126BC766BBFA3A5AFB227 /* Pods-BOHAN-Custom.debug.xcconfig */ = {isa = PBXFileReference; includeInIndex = 1; lastKnownFileType = text.xcconfig; name = "Pods-BOHAN-Custom.debug.xcconfig"; path = "Pods/Target Support Files/Pods-BOHAN-Custom/Pods-BOHAN-Custom.debug.xcconfig"; sourceTree = "<group>"; };
		4DAF19EB2181FE1300B91F80 /* BOHAN-Custom.app */ = {isa = PBXFileReference; explicitFileType = wrapper.application; includeInIndex = 0; path = "BOHAN-Custom.app"; sourceTree = BUILT_PRODUCTS_DIR; };
		4DAF19EE2181FE1300B91F80 /* AppDelegate.h */ = {isa = PBXFileReference; lastKnownFileType = sourcecode.c.h; path = AppDelegate.h; sourceTree = "<group>"; };
		4DAF19EF2181FE1300B91F80 /* AppDelegate.m */ = {isa = PBXFileReference; lastKnownFileType = sourcecode.c.objc; path = AppDelegate.m; sourceTree = "<group>"; };
		4DAF19F12181FE1300B91F80 /* ViewController.h */ = {isa = PBXFileReference; lastKnownFileType = sourcecode.c.h; path = ViewController.h; sourceTree = "<group>"; };
		4DAF19F22181FE1300B91F80 /* ViewController.m */ = {isa = PBXFileReference; lastKnownFileType = sourcecode.c.objc; path = ViewController.m; sourceTree = "<group>"; };
		4DAF19F52181FE1300B91F80 /* Base */ = {isa = PBXFileReference; lastKnownFileType = file.storyboard; name = Base; path = Base.lproj/Main.storyboard; sourceTree = "<group>"; };
		4DAF19F72181FE1400B91F80 /* Assets.xcassets */ = {isa = PBXFileReference; lastKnownFileType = folder.assetcatalog; path = Assets.xcassets; sourceTree = "<group>"; };
		4DAF19FA2181FE1400B91F80 /* Base */ = {isa = PBXFileReference; lastKnownFileType = file.storyboard; name = Base; path = Base.lproj/LaunchScreen.storyboard; sourceTree = "<group>"; };
		4DAF19FC2181FE1400B91F80 /* Info.plist */ = {isa = PBXFileReference; lastKnownFileType = text.plist.xml; path = Info.plist; sourceTree = "<group>"; };
		4DAF19FD2181FE1400B91F80 /* main.m */ = {isa = PBXFileReference; lastKnownFileType = sourcecode.c.objc; path = main.m; sourceTree = "<group>"; };
		4DAF1A032181FE1400B91F80 /* BOHAN-CustomTests.xctest */ = {isa = PBXFileReference; explicitFileType = wrapper.cfbundle; includeInIndex = 0; path = "BOHAN-CustomTests.xctest"; sourceTree = BUILT_PRODUCTS_DIR; };
		4DAF1A072181FE1400B91F80 /* BOHAN_CustomTests.m */ = {isa = PBXFileReference; lastKnownFileType = sourcecode.c.objc; path = BOHAN_CustomTests.m; sourceTree = "<group>"; };
		4DAF1A092181FE1400B91F80 /* Info.plist */ = {isa = PBXFileReference; lastKnownFileType = text.plist.xml; path = Info.plist; sourceTree = "<group>"; };
		4DAF1A0E2181FE1400B91F80 /* BOHAN-CustomUITests.xctest */ = {isa = PBXFileReference; explicitFileType = wrapper.cfbundle; includeInIndex = 0; path = "BOHAN-CustomUITests.xctest"; sourceTree = BUILT_PRODUCTS_DIR; };
		4DAF1A122181FE1400B91F80 /* BOHAN_CustomUITests.m */ = {isa = PBXFileReference; lastKnownFileType = sourcecode.c.objc; path = BOHAN_CustomUITests.m; sourceTree = "<group>"; };
		4DAF1A142181FE1400B91F80 /* Info.plist */ = {isa = PBXFileReference; lastKnownFileType = text.plist.xml; path = Info.plist; sourceTree = "<group>"; };
		4DAF1A222182061800B91F80 /* BCTabBarController.h */ = {isa = PBXFileReference; lastKnownFileType = sourcecode.c.h; path = BCTabBarController.h; sourceTree = "<group>"; };
		4DAF1A232182061800B91F80 /* BCTabBarController.m */ = {isa = PBXFileReference; lastKnownFileType = sourcecode.c.objc; path = BCTabBarController.m; sourceTree = "<group>"; };
		4DAF1A2A21820AA000B91F80 /* ManagementViewController.m */ = {isa = PBXFileReference; fileEncoding = 4; lastKnownFileType = sourcecode.c.objc; path = ManagementViewController.m; sourceTree = "<group>"; };
		4DAF1A2B21820AA000B91F80 /* ManagementViewController.xib */ = {isa = PBXFileReference; fileEncoding = 4; lastKnownFileType = file.xib; path = ManagementViewController.xib; sourceTree = "<group>"; };
		4DAF1A2C21820AA000B91F80 /* ManagementViewController.h */ = {isa = PBXFileReference; fileEncoding = 4; lastKnownFileType = sourcecode.c.h; path = ManagementViewController.h; sourceTree = "<group>"; };
		4DAF1A2E21820AA000B91F80 /* ListViewController.xib */ = {isa = PBXFileReference; fileEncoding = 4; lastKnownFileType = file.xib; path = ListViewController.xib; sourceTree = "<group>"; };
		4DAF1A2F21820AA000B91F80 /* ListViewController.m */ = {isa = PBXFileReference; fileEncoding = 4; lastKnownFileType = sourcecode.c.objc; path = ListViewController.m; sourceTree = "<group>"; };
		4DAF1A3021820AA000B91F80 /* ListViewController.h */ = {isa = PBXFileReference; fileEncoding = 4; lastKnownFileType = sourcecode.c.h; path = ListViewController.h; sourceTree = "<group>"; };
		4DAF1A3321820AA000B91F80 /* GCDAsyncUdpSocket.m */ = {isa = PBXFileReference; fileEncoding = 4; lastKnownFileType = sourcecode.c.objc; path = GCDAsyncUdpSocket.m; sourceTree = "<group>"; };
		4DAF1A3421820AA000B91F80 /* GCDAsyncSocket.m */ = {isa = PBXFileReference; fileEncoding = 4; lastKnownFileType = sourcecode.c.objc; path = GCDAsyncSocket.m; sourceTree = "<group>"; };
		4DAF1A3521820AA000B91F80 /* GCDAsyncUdpSocket.h */ = {isa = PBXFileReference; fileEncoding = 4; lastKnownFileType = sourcecode.c.h; path = GCDAsyncUdpSocket.h; sourceTree = "<group>"; };
		4DAF1A3621820AA000B91F80 /* GCDAsyncSocket.h */ = {isa = PBXFileReference; fileEncoding = 4; lastKnownFileType = sourcecode.c.h; path = GCDAsyncSocket.h; sourceTree = "<group>"; };
		4DAF1A3E21820DE100B91F80 /* BCNavigationController.h */ = {isa = PBXFileReference; lastKnownFileType = sourcecode.c.h; path = BCNavigationController.h; sourceTree = "<group>"; };
		4DAF1A3F21820DE100B91F80 /* BCNavigationController.m */ = {isa = PBXFileReference; lastKnownFileType = sourcecode.c.objc; path = BCNavigationController.m; sourceTree = "<group>"; };
		7D28760051FE06F93E146C73 /* libPods-BOHAN-Custom.a */ = {isa = PBXFileReference; explicitFileType = archive.ar; includeInIndex = 0; path = "libPods-BOHAN-Custom.a"; sourceTree = BUILT_PRODUCTS_DIR; };
		C40A7BB9218D70EB0064BA1F /* NsData.h */ = {isa = PBXFileReference; lastKnownFileType = sourcecode.c.h; path = NsData.h; sourceTree = "<group>"; };
		C40A7BBA218D70EB0064BA1F /* NsData.m */ = {isa = PBXFileReference; lastKnownFileType = sourcecode.c.objc; path = NsData.m; sourceTree = "<group>"; };
		C4423269218C3FD80071ADE3 /* SoapManager.h */ = {isa = PBXFileReference; fileEncoding = 4; lastKnownFileType = sourcecode.c.h; path = SoapManager.h; sourceTree = "<group>"; };
		C442326A218C3FD80071ADE3 /* SoapManager.m */ = {isa = PBXFileReference; fileEncoding = 4; lastKnownFileType = sourcecode.c.objc; path = SoapManager.m; sourceTree = "<group>"; };
		C442326C218C40E60071ADE3 /* XMLUtil.h */ = {isa = PBXFileReference; fileEncoding = 4; lastKnownFileType = sourcecode.c.h; path = XMLUtil.h; sourceTree = "<group>"; };
		C442326D218C40E60071ADE3 /* XMLUtil.m */ = {isa = PBXFileReference; fileEncoding = 4; lastKnownFileType = sourcecode.c.objc; path = XMLUtil.m; sourceTree = "<group>"; };
		C44A6BF421931E67003D50BE /* CFNetwork.framework */ = {isa = PBXFileReference; lastKnownFileType = wrapper.framework; name = CFNetwork.framework; path = System/Library/Frameworks/CFNetwork.framework; sourceTree = SDKROOT; };
		C44A6BF6219320B5003D50BE /* ZHeartBeatSocket.h */ = {isa = PBXFileReference; lastKnownFileType = sourcecode.c.h; path = ZHeartBeatSocket.h; sourceTree = "<group>"; };
		C44A6BF7219320B5003D50BE /* ZHeartBeatSocket.m */ = {isa = PBXFileReference; lastKnownFileType = sourcecode.c.objc; path = ZHeartBeatSocket.m; sourceTree = "<group>"; };
		C4604C402185497500CD41A5 /* EdgetTextField.m */ = {isa = PBXFileReference; fileEncoding = 4; lastKnownFileType = sourcecode.c.objc; path = EdgetTextField.m; sourceTree = "<group>"; };
		C4604C412185497500CD41A5 /* EdgetTextField.h */ = {isa = PBXFileReference; fileEncoding = 4; lastKnownFileType = sourcecode.c.h; path = EdgetTextField.h; sourceTree = "<group>"; };
		C4604C682185546F00CD41A5 /* LoginViewController.xib */ = {isa = PBXFileReference; fileEncoding = 4; lastKnownFileType = file.xib; path = LoginViewController.xib; sourceTree = "<group>"; };
		C4604C6A2185548000CD41A5 /* LoginViewController.h */ = {isa = PBXFileReference; fileEncoding = 4; lastKnownFileType = sourcecode.c.h; path = LoginViewController.h; sourceTree = "<group>"; };
		C4604C6B2185548000CD41A5 /* LoginViewController.m */ = {isa = PBXFileReference; fileEncoding = 4; lastKnownFileType = sourcecode.c.objc; path = LoginViewController.m; sourceTree = "<group>"; };
		C4604C6F218556E800CD41A5 /* UserInfoManager.h */ = {isa = PBXFileReference; fileEncoding = 4; lastKnownFileType = sourcecode.c.h; path = UserInfoManager.h; sourceTree = "<group>"; };
		C4604C70218556E800CD41A5 /* UserInfoManager.m */ = {isa = PBXFileReference; fileEncoding = 4; lastKnownFileType = sourcecode.c.objc; path = UserInfoManager.m; sourceTree = "<group>"; };
		C4604C732185584900CD41A5 /* AdapationMacro.h */ = {isa = PBXFileReference; fileEncoding = 4; lastKnownFileType = sourcecode.c.h; path = AdapationMacro.h; sourceTree = "<group>"; };
		C4604C7E21855D4D00CD41A5 /* RegisterViewController.h */ = {isa = PBXFileReference; lastKnownFileType = sourcecode.c.h; path = RegisterViewController.h; sourceTree = "<group>"; };
		C4604C7F21855D4D00CD41A5 /* RegisterViewController.m */ = {isa = PBXFileReference; lastKnownFileType = sourcecode.c.objc; path = RegisterViewController.m; sourceTree = "<group>"; };
		C4604C8021855D4D00CD41A5 /* RegisterViewController.xib */ = {isa = PBXFileReference; lastKnownFileType = file.xib; path = RegisterViewController.xib; sourceTree = "<group>"; };
		C4604C85218569FD00CD41A5 /* InformationController.h */ = {isa = PBXFileReference; lastKnownFileType = sourcecode.c.h; path = InformationController.h; sourceTree = "<group>"; };
		C4604C86218569FD00CD41A5 /* InformationController.m */ = {isa = PBXFileReference; lastKnownFileType = sourcecode.c.objc; path = InformationController.m; sourceTree = "<group>"; };
		C4604C87218569FD00CD41A5 /* InformationController.xib */ = {isa = PBXFileReference; lastKnownFileType = file.xib; path = InformationController.xib; sourceTree = "<group>"; };
		C4604C8B21856A3700CD41A5 /* InformationViewCell.h */ = {isa = PBXFileReference; lastKnownFileType = sourcecode.c.h; path = InformationViewCell.h; sourceTree = "<group>"; };
		C4604C8C21856A3700CD41A5 /* InformationViewCell.m */ = {isa = PBXFileReference; lastKnownFileType = sourcecode.c.objc; path = InformationViewCell.m; sourceTree = "<group>"; };
		C4604C8D21856A3700CD41A5 /* InformationViewCell.xib */ = {isa = PBXFileReference; lastKnownFileType = file.xib; path = InformationViewCell.xib; sourceTree = "<group>"; };
		C4604C9121859FE100CD41A5 /* RegistrationAgreementController.h */ = {isa = PBXFileReference; fileEncoding = 4; lastKnownFileType = sourcecode.c.h; path = RegistrationAgreementController.h; sourceTree = "<group>"; };
		C4604C9221859FE100CD41A5 /* RegistrationAgreementController.xib */ = {isa = PBXFileReference; fileEncoding = 4; lastKnownFileType = file.xib; path = RegistrationAgreementController.xib; sourceTree = "<group>"; };
		C4604C9321859FE100CD41A5 /* RegistrationAgreementController.m */ = {isa = PBXFileReference; fileEncoding = 4; lastKnownFileType = sourcecode.c.objc; path = RegistrationAgreementController.m; sourceTree = "<group>"; };
		C4604C972185C4EA00CD41A5 /* BindingDeviceController.h */ = {isa = PBXFileReference; lastKnownFileType = sourcecode.c.h; path = BindingDeviceController.h; sourceTree = "<group>"; };
		C4604C982185C4EA00CD41A5 /* BindingDeviceController.m */ = {isa = PBXFileReference; lastKnownFileType = sourcecode.c.objc; path = BindingDeviceController.m; sourceTree = "<group>"; };
		C4604C992185C4EA00CD41A5 /* BindingDeviceController.xib */ = {isa = PBXFileReference; lastKnownFileType = file.xib; path = BindingDeviceController.xib; sourceTree = "<group>"; };
		C4AA86872183E68F0013307D /* FileHeader.pch */ = {isa = PBXFileReference; lastKnownFileType = sourcecode.c.h; path = FileHeader.pch; sourceTree = "<group>"; };
		C4AA868A2183F98B0013307D /* ManagementCell.h */ = {isa = PBXFileReference; lastKnownFileType = sourcecode.c.h; path = ManagementCell.h; sourceTree = "<group>"; };
		C4AA868B2183F98B0013307D /* ManagementCell.m */ = {isa = PBXFileReference; lastKnownFileType = sourcecode.c.objc; path = ManagementCell.m; sourceTree = "<group>"; };
		C4AA868C2183F98B0013307D /* ManagementCell.xib */ = {isa = PBXFileReference; lastKnownFileType = file.xib; path = ManagementCell.xib; sourceTree = "<group>"; };
		C4AA86A921840A650013307D /* ColorMacro.h */ = {isa = PBXFileReference; fileEncoding = 4; lastKnownFileType = sourcecode.c.h; path = ColorMacro.h; sourceTree = "<group>"; };
		C4AA87BE2184120C0013307D /* UIBarButtonItem+Button.h */ = {isa = PBXFileReference; fileEncoding = 4; lastKnownFileType = sourcecode.c.h; path = "UIBarButtonItem+Button.h"; sourceTree = "<group>"; };
		C4AA87BF2184120C0013307D /* UIBarButtonItem+Button.m */ = {isa = PBXFileReference; fileEncoding = 4; lastKnownFileType = sourcecode.c.objc; path = "UIBarButtonItem+Button.m"; sourceTree = "<group>"; };
		C4AA87C22184122F0013307D /* UIView+Frame.h */ = {isa = PBXFileReference; fileEncoding = 4; lastKnownFileType = sourcecode.c.h; path = "UIView+Frame.h"; sourceTree = "<group>"; };
		C4AA87C32184122F0013307D /* UIView+Frame.m */ = {isa = PBXFileReference; fileEncoding = 4; lastKnownFileType = sourcecode.c.objc; path = "UIView+Frame.m"; sourceTree = "<group>"; };
		C4AA87C5218413060013307D /* UIViewController+NavigationBar.h */ = {isa = PBXFileReference; fileEncoding = 4; lastKnownFileType = sourcecode.c.h; path = "UIViewController+NavigationBar.h"; sourceTree = "<group>"; };
		C4AA87C6218413060013307D /* UIViewController+NavigationBar.m */ = {isa = PBXFileReference; fileEncoding = 4; lastKnownFileType = sourcecode.c.objc; path = "UIViewController+NavigationBar.m"; sourceTree = "<group>"; };
		C4AA87C9218416320013307D /* UIColor+Extension.h */ = {isa = PBXFileReference; fileEncoding = 4; lastKnownFileType = sourcecode.c.h; path = "UIColor+Extension.h"; sourceTree = "<group>"; };
		C4AA87CA218416320013307D /* NotificationMacro.h */ = {isa = PBXFileReference; fileEncoding = 4; lastKnownFileType = sourcecode.c.h; path = NotificationMacro.h; sourceTree = "<group>"; };
		C4AA87CB218416320013307D /* UIColor+Extension.m */ = {isa = PBXFileReference; fileEncoding = 4; lastKnownFileType = sourcecode.c.objc; path = "UIColor+Extension.m"; sourceTree = "<group>"; };
		C4AA87DE218434BB0013307D /* BindingController.h */ = {isa = PBXFileReference; lastKnownFileType = sourcecode.c.h; path = BindingController.h; sourceTree = "<group>"; };
		C4AA87DF218434BB0013307D /* BindingController.m */ = {isa = PBXFileReference; lastKnownFileType = sourcecode.c.objc; path = BindingController.m; sourceTree = "<group>"; };
		C4AA87E0218434BB0013307D /* BindingController.xib */ = {isa = PBXFileReference; lastKnownFileType = file.xib; path = BindingController.xib; sourceTree = "<group>"; };
		C4AA87E42184517B0013307D /* ListTableViewCell.h */ = {isa = PBXFileReference; lastKnownFileType = sourcecode.c.h; path = ListTableViewCell.h; sourceTree = "<group>"; };
		C4AA87E52184517B0013307D /* ListTableViewCell.m */ = {isa = PBXFileReference; lastKnownFileType = sourcecode.c.objc; path = ListTableViewCell.m; sourceTree = "<group>"; };
		C4AA87E62184517B0013307D /* ListTableViewCell.xib */ = {isa = PBXFileReference; lastKnownFileType = file.xib; path = ListTableViewCell.xib; sourceTree = "<group>"; };
		C4AA87F0218463DC0013307D /* SingleListViewCell.h */ = {isa = PBXFileReference; lastKnownFileType = sourcecode.c.h; path = SingleListViewCell.h; sourceTree = "<group>"; };
		C4AA87F1218463DC0013307D /* SingleListViewCell.m */ = {isa = PBXFileReference; lastKnownFileType = sourcecode.c.objc; path = SingleListViewCell.m; sourceTree = "<group>"; };
		C4AA87F2218463DC0013307D /* SingleListViewCell.xib */ = {isa = PBXFileReference; lastKnownFileType = file.xib; path = SingleListViewCell.xib; sourceTree = "<group>"; };
		C4AA87F5218465810013307D /* SingleListController.h */ = {isa = PBXFileReference; lastKnownFileType = sourcecode.c.h; path = SingleListController.h; sourceTree = "<group>"; };
		C4AA87F6218465810013307D /* SingleListController.m */ = {isa = PBXFileReference; lastKnownFileType = sourcecode.c.objc; path = SingleListController.m; sourceTree = "<group>"; };
		C4AA87F7218465810013307D /* SingleListController.xib */ = {isa = PBXFileReference; lastKnownFileType = file.xib; path = SingleListController.xib; sourceTree = "<group>"; };
		C4C36AB22185F24A0079D6AE /* CHKeychain.h */ = {isa = PBXFileReference; fileEncoding = 4; lastKnownFileType = sourcecode.c.h; path = CHKeychain.h; sourceTree = "<group>"; };
		C4C36AB32185F24A0079D6AE /* CHKeychain.m */ = {isa = PBXFileReference; fileEncoding = 4; lastKnownFileType = sourcecode.c.objc; path = CHKeychain.m; sourceTree = "<group>"; };
		C4C36AB52185F93B0079D6AE /* PrefixHeader.pch */ = {isa = PBXFileReference; fileEncoding = 4; lastKnownFileType = sourcecode.c.h; path = PrefixHeader.pch; sourceTree = "<group>"; };
		C4C36AB62186FE170079D6AE /* libsqlite3.tbd */ = {isa = PBXFileReference; lastKnownFileType = "sourcecode.text-based-dylib-definition"; name = libsqlite3.tbd; path = usr/lib/libsqlite3.tbd; sourceTree = SDKROOT; };
		C4C36AB9218711600079D6AE /* CountDownViewController.xib */ = {isa = PBXFileReference; fileEncoding = 4; lastKnownFileType = file.xib; path = CountDownViewController.xib; sourceTree = "<group>"; };
		C4C36ABB2187116B0079D6AE /* CountDownViewController.h */ = {isa = PBXFileReference; fileEncoding = 4; lastKnownFileType = sourcecode.c.h; path = CountDownViewController.h; sourceTree = "<group>"; };
		C4C36ABC2187116B0079D6AE /* CountDownViewController.m */ = {isa = PBXFileReference; fileEncoding = 4; lastKnownFileType = sourcecode.c.objc; path = CountDownViewController.m; sourceTree = "<group>"; };
		C4C36ABF218712020079D6AE /* STLoopProgressView.h */ = {isa = PBXFileReference; fileEncoding = 4; lastKnownFileType = sourcecode.c.h; path = STLoopProgressView.h; sourceTree = "<group>"; };
		C4C36AC0218712020079D6AE /* STLoopProgressView+BaseConfiguration.m */ = {isa = PBXFileReference; fileEncoding = 4; lastKnownFileType = sourcecode.c.objc; path = "STLoopProgressView+BaseConfiguration.m"; sourceTree = "<group>"; };
		C4C36AC1218712020079D6AE /* STLoopProgressView+BaseConfiguration.h */ = {isa = PBXFileReference; fileEncoding = 4; lastKnownFileType = sourcecode.c.h; path = "STLoopProgressView+BaseConfiguration.h"; sourceTree = "<group>"; };
		C4C36AC2218712020079D6AE /* STLoopProgressView.m */ = {isa = PBXFileReference; fileEncoding = 4; lastKnownFileType = sourcecode.c.objc; path = STLoopProgressView.m; sourceTree = "<group>"; };
		C4C36AC6218713460079D6AE /* CountdownView.xib */ = {isa = PBXFileReference; fileEncoding = 4; lastKnownFileType = file.xib; path = CountdownView.xib; sourceTree = "<group>"; };
		C4C36AC82187135E0079D6AE /* CountdownView.h */ = {isa = PBXFileReference; fileEncoding = 4; lastKnownFileType = sourcecode.c.h; path = CountdownView.h; sourceTree = "<group>"; };
		C4C36AC92187135E0079D6AE /* CountdownView.m */ = {isa = PBXFileReference; fileEncoding = 4; lastKnownFileType = sourcecode.c.objc; path = CountdownView.m; sourceTree = "<group>"; };
		C4C36ACC218714480079D6AE /* NSTimer+Action.h */ = {isa = PBXFileReference; fileEncoding = 4; lastKnownFileType = sourcecode.c.h; path = "NSTimer+Action.h"; sourceTree = "<group>"; };
		C4C36ACD218714480079D6AE /* NSTimer+Action.m */ = {isa = PBXFileReference; fileEncoding = 4; lastKnownFileType = sourcecode.c.objc; path = "NSTimer+Action.m"; sourceTree = "<group>"; };
		C4C36AD1218716D80079D6AE /* zh-Hans */ = {isa = PBXFileReference; lastKnownFileType = text.plist.strings; name = "zh-Hans"; path = "zh-Hans.lproj/WSDatePickerView.strings"; sourceTree = "<group>"; };
		C4C36AD2218716D80079D6AE /* en */ = {isa = PBXFileReference; lastKnownFileType = text.plist.strings; name = en; path = en.lproj/WSDatePickerView.strings; sourceTree = "<group>"; };
		C4C36AD3218716D80079D6AE /* NSDate+Extension.h */ = {isa = PBXFileReference; fileEncoding = 4; lastKnownFileType = sourcecode.c.h; path = "NSDate+Extension.h"; sourceTree = "<group>"; };
		C4C36AD4218716D80079D6AE /* WSDatePickerView.h */ = {isa = PBXFileReference; fileEncoding = 4; lastKnownFileType = sourcecode.c.h; path = WSDatePickerView.h; sourceTree = "<group>"; };
		C4C36AD5218716D80079D6AE /* UIView+Extension.h */ = {isa = PBXFileReference; fileEncoding = 4; lastKnownFileType = sourcecode.c.h; path = "UIView+Extension.h"; sourceTree = "<group>"; };
		C4C36AD7218716D80079D6AE /* Base */ = {isa = PBXFileReference; lastKnownFileType = file.xib; name = Base; path = Base.lproj/WSDatePickerView.xib; sourceTree = "<group>"; };
		C4C36AD8218716D80079D6AE /* WSDatePickerView.m */ = {isa = PBXFileReference; fileEncoding = 4; lastKnownFileType = sourcecode.c.objc; path = WSDatePickerView.m; sourceTree = "<group>"; };
		C4C36AD9218716D80079D6AE /* NSDate+Extension.m */ = {isa = PBXFileReference; fileEncoding = 4; lastKnownFileType = sourcecode.c.objc; path = "NSDate+Extension.m"; sourceTree = "<group>"; };
		C4C36ADA218716D80079D6AE /* UIView+Extension.m */ = {isa = PBXFileReference; fileEncoding = 4; lastKnownFileType = sourcecode.c.objc; path = "UIView+Extension.m"; sourceTree = "<group>"; };
		C4C36AE121872B470079D6AE /* UserModel.h */ = {isa = PBXFileReference; lastKnownFileType = sourcecode.c.h; path = UserModel.h; sourceTree = "<group>"; };
		C4C36AE221872B470079D6AE /* UserModel.m */ = {isa = PBXFileReference; lastKnownFileType = sourcecode.c.objc; path = UserModel.m; sourceTree = "<group>"; };
		C4C36AE52187D8310079D6AE /* BindingModel.h */ = {isa = PBXFileReference; lastKnownFileType = sourcecode.c.h; path = BindingModel.h; sourceTree = "<group>"; };
		C4C36AE62187D8310079D6AE /* BindingModel.m */ = {isa = PBXFileReference; lastKnownFileType = sourcecode.c.objc; path = BindingModel.m; sourceTree = "<group>"; };
		C4C36AE8218838830079D6AE /* UIKit.framework */ = {isa = PBXFileReference; lastKnownFileType = wrapper.framework; name = UIKit.framework; path = System/Library/Frameworks/UIKit.framework; sourceTree = SDKROOT; };
		C4C36AEA218838A60079D6AE /* Foundation.framework */ = {isa = PBXFileReference; lastKnownFileType = wrapper.framework; name = Foundation.framework; path = System/Library/Frameworks/Foundation.framework; sourceTree = SDKROOT; };
		C4C36AEC218838BC0079D6AE /* CoreGraphics.framework */ = {isa = PBXFileReference; lastKnownFileType = wrapper.framework; name = CoreGraphics.framework; path = System/Library/Frameworks/CoreGraphics.framework; sourceTree = SDKROOT; };
		C4C40A142189E82400233497 /* Utils.m */ = {isa = PBXFileReference; fileEncoding = 4; lastKnownFileType = sourcecode.c.objc; path = Utils.m; sourceTree = "<group>"; };
		C4C40A152189E82400233497 /* Utils.h */ = {isa = PBXFileReference; fileEncoding = 4; lastKnownFileType = sourcecode.c.h; path = Utils.h; sourceTree = "<group>"; };
		C4CA9F912191849500A1E842 /* CommonlyInstruction.h */ = {isa = PBXFileReference; lastKnownFileType = sourcecode.c.h; path = CommonlyInstruction.h; sourceTree = "<group>"; };
		D37C5EEA1CE84ABF8C49AE43 /* Pods-BOHAN-Custom.release.xcconfig */ = {isa = PBXFileReference; includeInIndex = 1; lastKnownFileType = text.xcconfig; name = "Pods-BOHAN-Custom.release.xcconfig"; path = "Pods/Target Support Files/Pods-BOHAN-Custom/Pods-BOHAN-Custom.release.xcconfig"; sourceTree = "<group>"; };
/* End PBXFileReference section */

/* Begin PBXFrameworksBuildPhase section */
		4DAF19E82181FE1300B91F80 /* Frameworks */ = {
			isa = PBXFrameworksBuildPhase;
			buildActionMask = 2147483647;
			files = (
				C44A6BF521931E67003D50BE /* CFNetwork.framework in Frameworks */,
				C4C36AED218838BC0079D6AE /* CoreGraphics.framework in Frameworks */,
				C4C36AEB218838A60079D6AE /* Foundation.framework in Frameworks */,
				C4C36AE9218838830079D6AE /* UIKit.framework in Frameworks */,
				C4C36AB72186FE170079D6AE /* libsqlite3.tbd in Frameworks */,
				4A524449D0AB39E0BF560CDF /* libPods-BOHAN-Custom.a in Frameworks */,
			);
			runOnlyForDeploymentPostprocessing = 0;
		};
		4DAF1A002181FE1400B91F80 /* Frameworks */ = {
			isa = PBXFrameworksBuildPhase;
			buildActionMask = 2147483647;
			files = (
			);
			runOnlyForDeploymentPostprocessing = 0;
		};
		4DAF1A0B2181FE1400B91F80 /* Frameworks */ = {
			isa = PBXFrameworksBuildPhase;
			buildActionMask = 2147483647;
			files = (
			);
			runOnlyForDeploymentPostprocessing = 0;
		};
/* End PBXFrameworksBuildPhase section */

/* Begin PBXGroup section */
		08C96659199A0D01D4425400 /* Frameworks */ = {
			isa = PBXGroup;
			children = (
				C44A6BF421931E67003D50BE /* CFNetwork.framework */,
				C4C36AEC218838BC0079D6AE /* CoreGraphics.framework */,
				C4C36AEA218838A60079D6AE /* Foundation.framework */,
				C4C36AE8218838830079D6AE /* UIKit.framework */,
				C4C36AB62186FE170079D6AE /* libsqlite3.tbd */,
				7D28760051FE06F93E146C73 /* libPods-BOHAN-Custom.a */,
			);
			name = Frameworks;
			sourceTree = "<group>";
		};
		4DAF19E22181FE1300B91F80 = {
			isa = PBXGroup;
			children = (
				4DAF19ED2181FE1300B91F80 /* BOHAN-Custom */,
				4DAF1A062181FE1400B91F80 /* BOHAN-CustomTests */,
				4DAF1A112181FE1400B91F80 /* BOHAN-CustomUITests */,
				4DAF19EC2181FE1300B91F80 /* Products */,
				82BD8797992267F2F4C5490F /* Pods */,
				08C96659199A0D01D4425400 /* Frameworks */,
			);
			sourceTree = "<group>";
		};
		4DAF19EC2181FE1300B91F80 /* Products */ = {
			isa = PBXGroup;
			children = (
				4DAF19EB2181FE1300B91F80 /* BOHAN-Custom.app */,
				4DAF1A032181FE1400B91F80 /* BOHAN-CustomTests.xctest */,
				4DAF1A0E2181FE1400B91F80 /* BOHAN-CustomUITests.xctest */,
			);
			name = Products;
			sourceTree = "<group>";
		};
		4DAF19ED2181FE1300B91F80 /* BOHAN-Custom */ = {
			isa = PBXGroup;
			children = (
				4DAF1A2821820AA000B91F80 /* ViewController */,
				4DAF1A202181FE2700B91F80 /* Main */,
				4DAF19EE2181FE1300B91F80 /* AppDelegate.h */,
				4DAF19EF2181FE1300B91F80 /* AppDelegate.m */,
				4DAF19F12181FE1300B91F80 /* ViewController.h */,
				4DAF19F22181FE1300B91F80 /* ViewController.m */,
				4DAF19F42181FE1300B91F80 /* Main.storyboard */,
				C4AA86872183E68F0013307D /* FileHeader.pch */,
				C4C36AB52185F93B0079D6AE /* PrefixHeader.pch */,
				C4CA9F912191849500A1E842 /* CommonlyInstruction.h */,
				C4AA86A921840A650013307D /* ColorMacro.h */,
				4DAF19F72181FE1400B91F80 /* Assets.xcassets */,
				4DAF19F92181FE1400B91F80 /* LaunchScreen.storyboard */,
				4DAF19FC2181FE1400B91F80 /* Info.plist */,
				4DAF19FD2181FE1400B91F80 /* main.m */,
			);
			path = "BOHAN-Custom";
			sourceTree = "<group>";
		};
		4DAF1A062181FE1400B91F80 /* BOHAN-CustomTests */ = {
			isa = PBXGroup;
			children = (
				4DAF1A072181FE1400B91F80 /* BOHAN_CustomTests.m */,
				4DAF1A092181FE1400B91F80 /* Info.plist */,
			);
			path = "BOHAN-CustomTests";
			sourceTree = "<group>";
		};
		4DAF1A112181FE1400B91F80 /* BOHAN-CustomUITests */ = {
			isa = PBXGroup;
			children = (
				4DAF1A122181FE1400B91F80 /* BOHAN_CustomUITests.m */,
				4DAF1A142181FE1400B91F80 /* Info.plist */,
			);
			path = "BOHAN-CustomUITests";
			sourceTree = "<group>";
		};
		4DAF1A202181FE2700B91F80 /* Main */ = {
			isa = PBXGroup;
			children = (
				4DAF1A222182061800B91F80 /* BCTabBarController.h */,
				4DAF1A232182061800B91F80 /* BCTabBarController.m */,
				4DAF1A3E21820DE100B91F80 /* BCNavigationController.h */,
				4DAF1A3F21820DE100B91F80 /* BCNavigationController.m */,
			);
			path = Main;
			sourceTree = "<group>";
		};
		4DAF1A2821820AA000B91F80 /* ViewController */ = {
			isa = PBXGroup;
			children = (
				C4604C362185451300CD41A5 /* LogRegister */,
				C4C36AE021872B320079D6AE /* UserModel */,
				C4604C83218569CE00CD41A5 /* Information */,
				C4604C962185C4C900CD41A5 /* BindingDevice */,
				C4C36AB82187113B0079D6AE /* Countdown */,
				4DAF1A2D21820AA000B91F80 /* List  */,
				4DAF1A2921820AA000B91F80 /* Management */,
				C4C36AC5218713350079D6AE /* View */,
				4DAF1A3121820AA000B91F80 /* Method */,
			);
			path = ViewController;
			sourceTree = "<group>";
		};
		4DAF1A2921820AA000B91F80 /* Management */ = {
			isa = PBXGroup;
			children = (
				C4AA86882183F9360013307D /* ManagementMain */,
			);
			path = Management;
			sourceTree = "<group>";
		};
		4DAF1A2D21820AA000B91F80 /* List  */ = {
			isa = PBXGroup;
			children = (
				C4AA87CE218433FA0013307D /* Binding */,
				C4AA87CD218433D90013307D /* ListMain */,
				C4AA87E92184639A0013307D /* SingleListMain */,
			);
			path = "List ";
			sourceTree = "<group>";
		};
		4DAF1A3121820AA000B91F80 /* Method */ = {
			isa = PBXGroup;
			children = (
				C4C36ACF218716D80079D6AE /* WSDaePickerView */,
				C4C36ACB218714480079D6AE /* NSTimer */,
				C4C36ABE218712020079D6AE /* STLoopProgressView */,
				C4C36AB12185F2090079D6AE /* DateStore */,
				C4604C722185583500CD41A5 /* Macro */,
				C4604C3F2185490200CD41A5 /* Custom */,
				C4AA87C8218416320013307D /* UIColor+Extension */,
				C4AA87BD218411CD0013307D /* UIBarButtonItem+Button */,
				C4AA87C1218412240013307D /* UIView+Frame */,
				4DAF1A3221820AA000B91F80 /* GCDAsync */,
				C4604C6E218556CD00CD41A5 /* Tools */,
			);
			path = Method;
			sourceTree = "<group>";
		};
		4DAF1A3221820AA000B91F80 /* GCDAsync */ = {
			isa = PBXGroup;
			children = (
				4DAF1A3521820AA000B91F80 /* GCDAsyncUdpSocket.h */,
				4DAF1A3321820AA000B91F80 /* GCDAsyncUdpSocket.m */,
				4DAF1A3621820AA000B91F80 /* GCDAsyncSocket.h */,
				4DAF1A3421820AA000B91F80 /* GCDAsyncSocket.m */,
				C44A6BF6219320B5003D50BE /* ZHeartBeatSocket.h */,
				C44A6BF7219320B5003D50BE /* ZHeartBeatSocket.m */,
			);
			path = GCDAsync;
			sourceTree = "<group>";
		};
		82BD8797992267F2F4C5490F /* Pods */ = {
			isa = PBXGroup;
			children = (
				1CE126BC766BBFA3A5AFB227 /* Pods-BOHAN-Custom.debug.xcconfig */,
				D37C5EEA1CE84ABF8C49AE43 /* Pods-BOHAN-Custom.release.xcconfig */,
			);
			name = Pods;
			sourceTree = "<group>";
		};
		C4604C362185451300CD41A5 /* LogRegister */ = {
			isa = PBXGroup;
			children = (
				C4604C3D2185453D00CD41A5 /* LogMain */,
				C4604C3C2185453100CD41A5 /* RegisterMani */,
				C4604C9021859FE100CD41A5 /* RegistrationAgreement */,
			);
			path = LogRegister;
			sourceTree = "<group>";
		};
		C4604C3C2185453100CD41A5 /* RegisterMani */ = {
			isa = PBXGroup;
			children = (
				C4604C7E21855D4D00CD41A5 /* RegisterViewController.h */,
				C4604C7F21855D4D00CD41A5 /* RegisterViewController.m */,
				C4604C8021855D4D00CD41A5 /* RegisterViewController.xib */,
			);
			path = RegisterMani;
			sourceTree = "<group>";
		};
		C4604C3D2185453D00CD41A5 /* LogMain */ = {
			isa = PBXGroup;
			children = (
				C4604C6A2185548000CD41A5 /* LoginViewController.h */,
				C4604C6B2185548000CD41A5 /* LoginViewController.m */,
				C4604C682185546F00CD41A5 /* LoginViewController.xib */,
			);
			path = LogMain;
			sourceTree = "<group>";
		};
		C4604C3F2185490200CD41A5 /* Custom */ = {
			isa = PBXGroup;
			children = (
				C4604C412185497500CD41A5 /* EdgetTextField.h */,
				C4604C402185497500CD41A5 /* EdgetTextField.m */,
			);
			path = Custom;
			sourceTree = "<group>";
		};
		C4604C6E218556CD00CD41A5 /* Tools */ = {
			isa = PBXGroup;
			children = (
				C4C40A152189E82400233497 /* Utils.h */,
				C4C40A142189E82400233497 /* Utils.m */,
				C442326C218C40E60071ADE3 /* XMLUtil.h */,
				C442326D218C40E60071ADE3 /* XMLUtil.m */,
				C4423269218C3FD80071ADE3 /* SoapManager.h */,
				C442326A218C3FD80071ADE3 /* SoapManager.m */,
				C4604C6F218556E800CD41A5 /* UserInfoManager.h */,
				C4604C70218556E800CD41A5 /* UserInfoManager.m */,
				C40A7BB9218D70EB0064BA1F /* NsData.h */,
				C40A7BBA218D70EB0064BA1F /* NsData.m */,
			);
			path = Tools;
			sourceTree = "<group>";
		};
		C4604C722185583500CD41A5 /* Macro */ = {
			isa = PBXGroup;
			children = (
				C4604C732185584900CD41A5 /* AdapationMacro.h */,
			);
			path = Macro;
			sourceTree = "<group>";
		};
		C4604C83218569CE00CD41A5 /* Information */ = {
			isa = PBXGroup;
			children = (
				C4604C84218569E400CD41A5 /* InformationMain */,
			);
			path = Information;
			sourceTree = "<group>";
		};
		C4604C84218569E400CD41A5 /* InformationMain */ = {
			isa = PBXGroup;
			children = (
				C4604C85218569FD00CD41A5 /* InformationController.h */,
				C4604C86218569FD00CD41A5 /* InformationController.m */,
				C4604C87218569FD00CD41A5 /* InformationController.xib */,
				C4604C8A21856A1100CD41A5 /* InformationCell */,
			);
			path = InformationMain;
			sourceTree = "<group>";
		};
		C4604C8A21856A1100CD41A5 /* InformationCell */ = {
			isa = PBXGroup;
			children = (
				C4604C8B21856A3700CD41A5 /* InformationViewCell.h */,
				C4604C8C21856A3700CD41A5 /* InformationViewCell.m */,
				C4604C8D21856A3700CD41A5 /* InformationViewCell.xib */,
			);
			path = InformationCell;
			sourceTree = "<group>";
		};
		C4604C9021859FE100CD41A5 /* RegistrationAgreement */ = {
			isa = PBXGroup;
			children = (
				C4604C9121859FE100CD41A5 /* RegistrationAgreementController.h */,
				C4604C9321859FE100CD41A5 /* RegistrationAgreementController.m */,
				C4604C9221859FE100CD41A5 /* RegistrationAgreementController.xib */,
			);
			path = RegistrationAgreement;
			sourceTree = "<group>";
		};
		C4604C962185C4C900CD41A5 /* BindingDevice */ = {
			isa = PBXGroup;
			children = (
				C4604C972185C4EA00CD41A5 /* BindingDeviceController.h */,
				C4604C982185C4EA00CD41A5 /* BindingDeviceController.m */,
				C4604C992185C4EA00CD41A5 /* BindingDeviceController.xib */,
				C4C36AE42187D81E0079D6AE /* BindingModel */,
			);
			path = BindingDevice;
			sourceTree = "<group>";
		};
		C4AA86882183F9360013307D /* ManagementMain */ = {
			isa = PBXGroup;
			children = (
				4DAF1A2C21820AA000B91F80 /* ManagementViewController.h */,
				4DAF1A2A21820AA000B91F80 /* ManagementViewController.m */,
				4DAF1A2B21820AA000B91F80 /* ManagementViewController.xib */,
				C4AA86892183F9680013307D /* ManagementCell */,
			);
			path = ManagementMain;
			sourceTree = "<group>";
		};
		C4AA86892183F9680013307D /* ManagementCell */ = {
			isa = PBXGroup;
			children = (
				C4AA868A2183F98B0013307D /* ManagementCell.h */,
				C4AA868B2183F98B0013307D /* ManagementCell.m */,
				C4AA868C2183F98B0013307D /* ManagementCell.xib */,
			);
			path = ManagementCell;
			sourceTree = "<group>";
		};
		C4AA87BD218411CD0013307D /* UIBarButtonItem+Button */ = {
			isa = PBXGroup;
			children = (
				C4AA87C5218413060013307D /* UIViewController+NavigationBar.h */,
				C4AA87C6218413060013307D /* UIViewController+NavigationBar.m */,
				C4AA87BE2184120C0013307D /* UIBarButtonItem+Button.h */,
				C4AA87BF2184120C0013307D /* UIBarButtonItem+Button.m */,
			);
			path = "UIBarButtonItem+Button";
			sourceTree = "<group>";
		};
		C4AA87C1218412240013307D /* UIView+Frame */ = {
			isa = PBXGroup;
			children = (
				C4AA87C22184122F0013307D /* UIView+Frame.h */,
				C4AA87C32184122F0013307D /* UIView+Frame.m */,
			);
			path = "UIView+Frame";
			sourceTree = "<group>";
		};
		C4AA87C8218416320013307D /* UIColor+Extension */ = {
			isa = PBXGroup;
			children = (
				C4AA87CA218416320013307D /* NotificationMacro.h */,
				C4AA87C9218416320013307D /* UIColor+Extension.h */,
				C4AA87CB218416320013307D /* UIColor+Extension.m */,
			);
			path = "UIColor+Extension";
			sourceTree = "<group>";
		};
		C4AA87CD218433D90013307D /* ListMain */ = {
			isa = PBXGroup;
			children = (
				4DAF1A3021820AA000B91F80 /* ListViewController.h */,
				4DAF1A2F21820AA000B91F80 /* ListViewController.m */,
				4DAF1A2E21820AA000B91F80 /* ListViewController.xib */,
				C4AA87E3218451570013307D /* ListCell */,
			);
			path = ListMain;
			sourceTree = "<group>";
		};
		C4AA87CE218433FA0013307D /* Binding */ = {
			isa = PBXGroup;
			children = (
				C4AA87DE218434BB0013307D /* BindingController.h */,
				C4AA87DF218434BB0013307D /* BindingController.m */,
				C4AA87E0218434BB0013307D /* BindingController.xib */,
			);
			path = Binding;
			sourceTree = "<group>";
		};
		C4AA87E3218451570013307D /* ListCell */ = {
			isa = PBXGroup;
			children = (
				C4AA87E42184517B0013307D /* ListTableViewCell.h */,
				C4AA87E52184517B0013307D /* ListTableViewCell.m */,
				C4AA87E62184517B0013307D /* ListTableViewCell.xib */,
			);
			path = ListCell;
			sourceTree = "<group>";
		};
		C4AA87E92184639A0013307D /* SingleListMain */ = {
			isa = PBXGroup;
			children = (
				C4AA87F5218465810013307D /* SingleListController.h */,
				C4AA87F6218465810013307D /* SingleListController.m */,
				C4AA87F7218465810013307D /* SingleListController.xib */,
				C4AA87EF218463C40013307D /* SingleListCell */,
			);
			path = SingleListMain;
			sourceTree = "<group>";
		};
		C4AA87EF218463C40013307D /* SingleListCell */ = {
			isa = PBXGroup;
			children = (
				C4AA87F0218463DC0013307D /* SingleListViewCell.h */,
				C4AA87F1218463DC0013307D /* SingleListViewCell.m */,
				C4AA87F2218463DC0013307D /* SingleListViewCell.xib */,
			);
			path = SingleListCell;
			sourceTree = "<group>";
		};
		C4C36AB12185F2090079D6AE /* DateStore */ = {
			isa = PBXGroup;
			children = (
				C4C36AB22185F24A0079D6AE /* CHKeychain.h */,
				C4C36AB32185F24A0079D6AE /* CHKeychain.m */,
			);
			path = DateStore;
			sourceTree = "<group>";
		};
		C4C36AB82187113B0079D6AE /* Countdown */ = {
			isa = PBXGroup;
			children = (
				C4C36ABB2187116B0079D6AE /* CountDownViewController.h */,
				C4C36ABC2187116B0079D6AE /* CountDownViewController.m */,
				C4C36AB9218711600079D6AE /* CountDownViewController.xib */,
			);
			path = Countdown;
			sourceTree = "<group>";
		};
		C4C36ABE218712020079D6AE /* STLoopProgressView */ = {
			isa = PBXGroup;
			children = (
				C4C36AC1218712020079D6AE /* STLoopProgressView+BaseConfiguration.h */,
				C4C36AC0218712020079D6AE /* STLoopProgressView+BaseConfiguration.m */,
				C4C36ABF218712020079D6AE /* STLoopProgressView.h */,
				C4C36AC2218712020079D6AE /* STLoopProgressView.m */,
			);
			path = STLoopProgressView;
			sourceTree = "<group>";
		};
		C4C36AC5218713350079D6AE /* View */ = {
			isa = PBXGroup;
			children = (
				C4C36AC82187135E0079D6AE /* CountdownView.h */,
				C4C36AC92187135E0079D6AE /* CountdownView.m */,
				C4C36AC6218713460079D6AE /* CountdownView.xib */,
			);
			path = View;
			sourceTree = "<group>";
		};
		C4C36ACB218714480079D6AE /* NSTimer */ = {
			isa = PBXGroup;
			children = (
				C4C36ACC218714480079D6AE /* NSTimer+Action.h */,
				C4C36ACD218714480079D6AE /* NSTimer+Action.m */,
			);
			path = NSTimer;
			sourceTree = "<group>";
		};
		C4C36ACF218716D80079D6AE /* WSDaePickerView */ = {
			isa = PBXGroup;
			children = (
				C4C36AD0218716D80079D6AE /* WSDatePickerView.strings */,
				C4C36AD3218716D80079D6AE /* NSDate+Extension.h */,
				C4C36AD9218716D80079D6AE /* NSDate+Extension.m */,
				C4C36AD5218716D80079D6AE /* UIView+Extension.h */,
				C4C36ADA218716D80079D6AE /* UIView+Extension.m */,
				C4C36AD4218716D80079D6AE /* WSDatePickerView.h */,
				C4C36AD8218716D80079D6AE /* WSDatePickerView.m */,
				C4C36AD6218716D80079D6AE /* WSDatePickerView.xib */,
			);
			path = WSDaePickerView;
			sourceTree = "<group>";
		};
		C4C36AE021872B320079D6AE /* UserModel */ = {
			isa = PBXGroup;
			children = (
				C4C36AE121872B470079D6AE /* UserModel.h */,
				C4C36AE221872B470079D6AE /* UserModel.m */,
			);
			path = UserModel;
			sourceTree = "<group>";
		};
		C4C36AE42187D81E0079D6AE /* BindingModel */ = {
			isa = PBXGroup;
			children = (
				C4C36AE52187D8310079D6AE /* BindingModel.h */,
				C4C36AE62187D8310079D6AE /* BindingModel.m */,
			);
			path = BindingModel;
			sourceTree = "<group>";
		};
/* End PBXGroup section */

/* Begin PBXNativeTarget section */
		4DAF19EA2181FE1300B91F80 /* BOHAN-Custom */ = {
			isa = PBXNativeTarget;
			buildConfigurationList = 4DAF1A172181FE1400B91F80 /* Build configuration list for PBXNativeTarget "BOHAN-Custom" */;
			buildPhases = (
				AC02C4ACE7730132C72F6F39 /* [CP] Check Pods Manifest.lock */,
				4DAF19E72181FE1300B91F80 /* Sources */,
				4DAF19E82181FE1300B91F80 /* Frameworks */,
				4DAF19E92181FE1300B91F80 /* Resources */,
				AA570E1DE3A056DF15F4A6EE /* [CP] Copy Pods Resources */,
			);
			buildRules = (
			);
			dependencies = (
			);
			name = "BOHAN-Custom";
			productName = "BOHAN-Custom";
			productReference = 4DAF19EB2181FE1300B91F80 /* BOHAN-Custom.app */;
			productType = "com.apple.product-type.application";
		};
		4DAF1A022181FE1400B91F80 /* BOHAN-CustomTests */ = {
			isa = PBXNativeTarget;
			buildConfigurationList = 4DAF1A1A2181FE1400B91F80 /* Build configuration list for PBXNativeTarget "BOHAN-CustomTests" */;
			buildPhases = (
				4DAF19FF2181FE1400B91F80 /* Sources */,
				4DAF1A002181FE1400B91F80 /* Frameworks */,
				4DAF1A012181FE1400B91F80 /* Resources */,
			);
			buildRules = (
			);
			dependencies = (
				4DAF1A052181FE1400B91F80 /* PBXTargetDependency */,
			);
			name = "BOHAN-CustomTests";
			productName = "BOHAN-CustomTests";
			productReference = 4DAF1A032181FE1400B91F80 /* BOHAN-CustomTests.xctest */;
			productType = "com.apple.product-type.bundle.unit-test";
		};
		4DAF1A0D2181FE1400B91F80 /* BOHAN-CustomUITests */ = {
			isa = PBXNativeTarget;
			buildConfigurationList = 4DAF1A1D2181FE1400B91F80 /* Build configuration list for PBXNativeTarget "BOHAN-CustomUITests" */;
			buildPhases = (
				4DAF1A0A2181FE1400B91F80 /* Sources */,
				4DAF1A0B2181FE1400B91F80 /* Frameworks */,
				4DAF1A0C2181FE1400B91F80 /* Resources */,
			);
			buildRules = (
			);
			dependencies = (
				4DAF1A102181FE1400B91F80 /* PBXTargetDependency */,
			);
			name = "BOHAN-CustomUITests";
			productName = "BOHAN-CustomUITests";
			productReference = 4DAF1A0E2181FE1400B91F80 /* BOHAN-CustomUITests.xctest */;
			productType = "com.apple.product-type.bundle.ui-testing";
		};
/* End PBXNativeTarget section */

/* Begin PBXProject section */
		4DAF19E32181FE1300B91F80 /* Project object */ = {
			isa = PBXProject;
			attributes = {
				LastUpgradeCheck = 1000;
				ORGANIZATIONNAME = "张鹏";
				TargetAttributes = {
					4DAF19EA2181FE1300B91F80 = {
						CreatedOnToolsVersion = 10.0;
						SystemCapabilities = {
							com.apple.BackgroundModes = {
								enabled = 1;
							};
						};
					};
					4DAF1A022181FE1400B91F80 = {
						CreatedOnToolsVersion = 10.0;
						TestTargetID = 4DAF19EA2181FE1300B91F80;
					};
					4DAF1A0D2181FE1400B91F80 = {
						CreatedOnToolsVersion = 10.0;
						TestTargetID = 4DAF19EA2181FE1300B91F80;
					};
				};
			};
			buildConfigurationList = 4DAF19E62181FE1300B91F80 /* Build configuration list for PBXProject "BOHAN-Custom" */;
			compatibilityVersion = "Xcode 9.3";
			developmentRegion = en;
			hasScannedForEncodings = 0;
			knownRegions = (
				en,
				Base,
				"zh-Hans",
			);
			mainGroup = 4DAF19E22181FE1300B91F80;
			productRefGroup = 4DAF19EC2181FE1300B91F80 /* Products */;
			projectDirPath = "";
			projectRoot = "";
			targets = (
				4DAF19EA2181FE1300B91F80 /* BOHAN-Custom */,
				4DAF1A022181FE1400B91F80 /* BOHAN-CustomTests */,
				4DAF1A0D2181FE1400B91F80 /* BOHAN-CustomUITests */,
			);
		};
/* End PBXProject section */

/* Begin PBXResourcesBuildPhase section */
		4DAF19E92181FE1300B91F80 /* Resources */ = {
			isa = PBXResourcesBuildPhase;
			buildActionMask = 2147483647;
			files = (
				C4AA87F4218463DC0013307D /* SingleListViewCell.xib in Resources */,
				4DAF19FB2181FE1400B91F80 /* LaunchScreen.storyboard in Resources */,
				C4604C692185546F00CD41A5 /* LoginViewController.xib in Resources */,
				4DAF1A3821820AA000B91F80 /* ManagementViewController.xib in Resources */,
				C4604C89218569FD00CD41A5 /* InformationController.xib in Resources */,
				C4AA868E2183F98B0013307D /* ManagementCell.xib in Resources */,
				C4604C9421859FE100CD41A5 /* RegistrationAgreementController.xib in Resources */,
				4DAF1A3921820AA000B91F80 /* ListViewController.xib in Resources */,
				4DAF19F82181FE1400B91F80 /* Assets.xcassets in Resources */,
				C4AA87E82184517B0013307D /* ListTableViewCell.xib in Resources */,
				C4C36AC7218713460079D6AE /* CountdownView.xib in Resources */,
				C4AA87E2218434BB0013307D /* BindingController.xib in Resources */,
				C4C36ADB218716D80079D6AE /* WSDatePickerView.strings in Resources */,
				C4604C9B2185C4EA00CD41A5 /* BindingDeviceController.xib in Resources */,
				C4C36ADC218716D80079D6AE /* WSDatePickerView.xib in Resources */,
				4DAF19F62181FE1300B91F80 /* Main.storyboard in Resources */,
				C4AA87F9218465810013307D /* SingleListController.xib in Resources */,
				C4604C8221855D4D00CD41A5 /* RegisterViewController.xib in Resources */,
				C4604C8F21856A3700CD41A5 /* InformationViewCell.xib in Resources */,
				C4C36ABA218711600079D6AE /* CountDownViewController.xib in Resources */,
			);
			runOnlyForDeploymentPostprocessing = 0;
		};
		4DAF1A012181FE1400B91F80 /* Resources */ = {
			isa = PBXResourcesBuildPhase;
			buildActionMask = 2147483647;
			files = (
			);
			runOnlyForDeploymentPostprocessing = 0;
		};
		4DAF1A0C2181FE1400B91F80 /* Resources */ = {
			isa = PBXResourcesBuildPhase;
			buildActionMask = 2147483647;
			files = (
			);
			runOnlyForDeploymentPostprocessing = 0;
		};
/* End PBXResourcesBuildPhase section */

/* Begin PBXShellScriptBuildPhase section */
		AA570E1DE3A056DF15F4A6EE /* [CP] Copy Pods Resources */ = {
			isa = PBXShellScriptBuildPhase;
			buildActionMask = 2147483647;
			files = (
			);
			inputPaths = (
				"${SRCROOT}/Pods/Target Support Files/Pods-BOHAN-Custom/Pods-BOHAN-Custom-resources.sh",
				"${PODS_ROOT}/IQKeyboardManager/IQKeyboardManager/Resources/IQKeyboardManager.bundle",
				"${PODS_ROOT}/MJRefresh/MJRefresh/MJRefresh.bundle",
				"${PODS_ROOT}/SAMKeychain/Support/SAMKeychain.bundle",
				"${PODS_ROOT}/SVProgressHUD/SVProgressHUD/SVProgressHUD.bundle",
			);
			name = "[CP] Copy Pods Resources";
			outputPaths = (
				"${TARGET_BUILD_DIR}/${UNLOCALIZED_RESOURCES_FOLDER_PATH}/IQKeyboardManager.bundle",
				"${TARGET_BUILD_DIR}/${UNLOCALIZED_RESOURCES_FOLDER_PATH}/MJRefresh.bundle",
				"${TARGET_BUILD_DIR}/${UNLOCALIZED_RESOURCES_FOLDER_PATH}/SAMKeychain.bundle",
				"${TARGET_BUILD_DIR}/${UNLOCALIZED_RESOURCES_FOLDER_PATH}/SVProgressHUD.bundle",
			);
			runOnlyForDeploymentPostprocessing = 0;
			shellPath = /bin/sh;
			shellScript = "\"${SRCROOT}/Pods/Target Support Files/Pods-BOHAN-Custom/Pods-BOHAN-Custom-resources.sh\"\n";
			showEnvVarsInLog = 0;
		};
		AC02C4ACE7730132C72F6F39 /* [CP] Check Pods Manifest.lock */ = {
			isa = PBXShellScriptBuildPhase;
			buildActionMask = 2147483647;
			files = (
			);
			inputPaths = (
				"${PODS_PODFILE_DIR_PATH}/Podfile.lock",
				"${PODS_ROOT}/Manifest.lock",
			);
			name = "[CP] Check Pods Manifest.lock";
			outputPaths = (
				"$(DERIVED_FILE_DIR)/Pods-BOHAN-Custom-checkManifestLockResult.txt",
			);
			runOnlyForDeploymentPostprocessing = 0;
			shellPath = /bin/sh;
			shellScript = "diff \"${PODS_PODFILE_DIR_PATH}/Podfile.lock\" \"${PODS_ROOT}/Manifest.lock\" > /dev/null\nif [ $? != 0 ] ; then\n    # print error to STDERR\n    echo \"error: The sandbox is not in sync with the Podfile.lock. Run 'pod install' or update your CocoaPods installation.\" >&2\n    exit 1\nfi\n# This output is used by Xcode 'outputs' to avoid re-running this script phase.\necho \"SUCCESS\" > \"${SCRIPT_OUTPUT_FILE_0}\"\n";
			showEnvVarsInLog = 0;
		};
/* End PBXShellScriptBuildPhase section */

/* Begin PBXSourcesBuildPhase section */
		4DAF19E72181FE1300B91F80 /* Sources */ = {
			isa = PBXSourcesBuildPhase;
			buildActionMask = 2147483647;
			files = (
				C44A6BF8219320B5003D50BE /* ZHeartBeatSocket.m in Sources */,
				C4604C9521859FE100CD41A5 /* RegistrationAgreementController.m in Sources */,
				C4AA87C42184122F0013307D /* UIView+Frame.m in Sources */,
				4DAF1A242182061800B91F80 /* BCTabBarController.m in Sources */,
				4DAF1A3721820AA000B91F80 /* ManagementViewController.m in Sources */,
				C4C36AE72187D8310079D6AE /* BindingModel.m in Sources */,
				C4AA87F3218463DC0013307D /* SingleListViewCell.m in Sources */,
				C4604C71218556E800CD41A5 /* UserInfoManager.m in Sources */,
				C4604C6C2185548000CD41A5 /* LoginViewController.m in Sources */,
				C4AA87E1218434BB0013307D /* BindingController.m in Sources */,
				C4AA87CC218416320013307D /* UIColor+Extension.m in Sources */,
				C4AA868D2183F98B0013307D /* ManagementCell.m in Sources */,
				C442326B218C3FD80071ADE3 /* SoapManager.m in Sources */,
				C4C40A162189E82400233497 /* Utils.m in Sources */,
				C4C36ADF218716D80079D6AE /* UIView+Extension.m in Sources */,
				C442326E218C40E70071ADE3 /* XMLUtil.m in Sources */,
				C4C36ADE218716D80079D6AE /* NSDate+Extension.m in Sources */,
				C4604C8E21856A3700CD41A5 /* InformationViewCell.m in Sources */,
				4DAF1A3A21820AA000B91F80 /* ListViewController.m in Sources */,
				C4AA87C02184120C0013307D /* UIBarButtonItem+Button.m in Sources */,
				C4604C8121855D4D00CD41A5 /* RegisterViewController.m in Sources */,
				4DAF19F32181FE1300B91F80 /* ViewController.m in Sources */,
				4DAF1A3B21820AA000B91F80 /* GCDAsyncUdpSocket.m in Sources */,
				4DAF19FE2181FE1400B91F80 /* main.m in Sources */,
				C4C36ADD218716D80079D6AE /* WSDatePickerView.m in Sources */,
				C4604C88218569FD00CD41A5 /* InformationController.m in Sources */,
				4DAF1A3C21820AA000B91F80 /* GCDAsyncSocket.m in Sources */,
				C40A7BBB218D70EB0064BA1F /* NsData.m in Sources */,
				4DAF1A4021820DE100B91F80 /* BCNavigationController.m in Sources */,
				C4AA87E72184517B0013307D /* ListTableViewCell.m in Sources */,
				C4AA87F8218465810013307D /* SingleListController.m in Sources */,
				C4C36ACE218714480079D6AE /* NSTimer+Action.m in Sources */,
				C4C36AE321872B470079D6AE /* UserModel.m in Sources */,
				C4604C422185497500CD41A5 /* EdgetTextField.m in Sources */,
				C4C36AC3218712020079D6AE /* STLoopProgressView+BaseConfiguration.m in Sources */,
				4DAF19F02181FE1300B91F80 /* AppDelegate.m in Sources */,
				C4C36ABD2187116B0079D6AE /* CountDownViewController.m in Sources */,
				C4C36AC4218712020079D6AE /* STLoopProgressView.m in Sources */,
				C4C36ACA2187135E0079D6AE /* CountdownView.m in Sources */,
				C4AA87C7218413060013307D /* UIViewController+NavigationBar.m in Sources */,
				C4C36AB42185F24A0079D6AE /* CHKeychain.m in Sources */,
				C4604C9A2185C4EA00CD41A5 /* BindingDeviceController.m in Sources */,
			);
			runOnlyForDeploymentPostprocessing = 0;
		};
		4DAF19FF2181FE1400B91F80 /* Sources */ = {
			isa = PBXSourcesBuildPhase;
			buildActionMask = 2147483647;
			files = (
				4DAF1A082181FE1400B91F80 /* BOHAN_CustomTests.m in Sources */,
			);
			runOnlyForDeploymentPostprocessing = 0;
		};
		4DAF1A0A2181FE1400B91F80 /* Sources */ = {
			isa = PBXSourcesBuildPhase;
			buildActionMask = 2147483647;
			files = (
				4DAF1A132181FE1400B91F80 /* BOHAN_CustomUITests.m in Sources */,
			);
			runOnlyForDeploymentPostprocessing = 0;
		};
/* End PBXSourcesBuildPhase section */

/* Begin PBXTargetDependency section */
		4DAF1A052181FE1400B91F80 /* PBXTargetDependency */ = {
			isa = PBXTargetDependency;
			target = 4DAF19EA2181FE1300B91F80 /* BOHAN-Custom */;
			targetProxy = 4DAF1A042181FE1400B91F80 /* PBXContainerItemProxy */;
		};
		4DAF1A102181FE1400B91F80 /* PBXTargetDependency */ = {
			isa = PBXTargetDependency;
			target = 4DAF19EA2181FE1300B91F80 /* BOHAN-Custom */;
			targetProxy = 4DAF1A0F2181FE1400B91F80 /* PBXContainerItemProxy */;
		};
/* End PBXTargetDependency section */

/* Begin PBXVariantGroup section */
		4DAF19F42181FE1300B91F80 /* Main.storyboard */ = {
			isa = PBXVariantGroup;
			children = (
				4DAF19F52181FE1300B91F80 /* Base */,
			);
			name = Main.storyboard;
			sourceTree = "<group>";
		};
		4DAF19F92181FE1400B91F80 /* LaunchScreen.storyboard */ = {
			isa = PBXVariantGroup;
			children = (
				4DAF19FA2181FE1400B91F80 /* Base */,
			);
			name = LaunchScreen.storyboard;
			sourceTree = "<group>";
		};
		C4C36AD0218716D80079D6AE /* WSDatePickerView.strings */ = {
			isa = PBXVariantGroup;
			children = (
				C4C36AD1218716D80079D6AE /* zh-Hans */,
				C4C36AD2218716D80079D6AE /* en */,
			);
			name = WSDatePickerView.strings;
			sourceTree = "<group>";
		};
		C4C36AD6218716D80079D6AE /* WSDatePickerView.xib */ = {
			isa = PBXVariantGroup;
			children = (
				C4C36AD7218716D80079D6AE /* Base */,
			);
			name = WSDatePickerView.xib;
			sourceTree = "<group>";
		};
/* End PBXVariantGroup section */

/* Begin XCBuildConfiguration section */
		4DAF1A152181FE1400B91F80 /* Debug */ = {
			isa = XCBuildConfiguration;
			buildSettings = {
				ALWAYS_SEARCH_USER_PATHS = NO;
				CLANG_ANALYZER_NONNULL = YES;
				CLANG_ANALYZER_NUMBER_OBJECT_CONVERSION = YES_AGGRESSIVE;
				CLANG_CXX_LANGUAGE_STANDARD = "gnu++14";
				CLANG_CXX_LIBRARY = "libc++";
				CLANG_ENABLE_MODULES = YES;
				CLANG_ENABLE_OBJC_ARC = YES;
				CLANG_ENABLE_OBJC_WEAK = YES;
				CLANG_WARN_BLOCK_CAPTURE_AUTORELEASING = YES;
				CLANG_WARN_BOOL_CONVERSION = YES;
				CLANG_WARN_COMMA = YES;
				CLANG_WARN_CONSTANT_CONVERSION = YES;
				CLANG_WARN_DEPRECATED_OBJC_IMPLEMENTATIONS = YES;
				CLANG_WARN_DIRECT_OBJC_ISA_USAGE = YES_ERROR;
				CLANG_WARN_DOCUMENTATION_COMMENTS = YES;
				CLANG_WARN_EMPTY_BODY = YES;
				CLANG_WARN_ENUM_CONVERSION = YES;
				CLANG_WARN_INFINITE_RECURSION = YES;
				CLANG_WARN_INT_CONVERSION = YES;
				CLANG_WARN_NON_LITERAL_NULL_CONVERSION = YES;
				CLANG_WARN_OBJC_IMPLICIT_RETAIN_SELF = YES;
				CLANG_WARN_OBJC_LITERAL_CONVERSION = YES;
				CLANG_WARN_OBJC_ROOT_CLASS = YES_ERROR;
				CLANG_WARN_RANGE_LOOP_ANALYSIS = YES;
				CLANG_WARN_STRICT_PROTOTYPES = YES;
				CLANG_WARN_SUSPICIOUS_MOVE = YES;
				CLANG_WARN_UNGUARDED_AVAILABILITY = YES_AGGRESSIVE;
				CLANG_WARN_UNREACHABLE_CODE = YES;
				CLANG_WARN__DUPLICATE_METHOD_MATCH = YES;
				CODE_SIGN_IDENTITY = "iPhone Developer";
				COPY_PHASE_STRIP = NO;
				DEBUG_INFORMATION_FORMAT = dwarf;
				ENABLE_STRICT_OBJC_MSGSEND = YES;
				ENABLE_TESTABILITY = YES;
				GCC_C_LANGUAGE_STANDARD = gnu11;
				GCC_DYNAMIC_NO_PIC = NO;
				GCC_NO_COMMON_BLOCKS = YES;
				GCC_OPTIMIZATION_LEVEL = 0;
				GCC_PREPROCESSOR_DEFINITIONS = (
					"DEBUG=1",
					"$(inherited)",
				);
				GCC_WARN_64_TO_32_BIT_CONVERSION = YES;
				GCC_WARN_ABOUT_RETURN_TYPE = YES_ERROR;
				GCC_WARN_UNDECLARED_SELECTOR = YES;
				GCC_WARN_UNINITIALIZED_AUTOS = YES_AGGRESSIVE;
				GCC_WARN_UNUSED_FUNCTION = YES;
				GCC_WARN_UNUSED_VARIABLE = YES;
				IPHONEOS_DEPLOYMENT_TARGET = 12.0;
				MTL_ENABLE_DEBUG_INFO = INCLUDE_SOURCE;
				MTL_FAST_MATH = YES;
				ONLY_ACTIVE_ARCH = YES;
				SDKROOT = iphoneos;
			};
			name = Debug;
		};
		4DAF1A162181FE1400B91F80 /* Release */ = {
			isa = XCBuildConfiguration;
			buildSettings = {
				ALWAYS_SEARCH_USER_PATHS = NO;
				CLANG_ANALYZER_NONNULL = YES;
				CLANG_ANALYZER_NUMBER_OBJECT_CONVERSION = YES_AGGRESSIVE;
				CLANG_CXX_LANGUAGE_STANDARD = "gnu++14";
				CLANG_CXX_LIBRARY = "libc++";
				CLANG_ENABLE_MODULES = YES;
				CLANG_ENABLE_OBJC_ARC = YES;
				CLANG_ENABLE_OBJC_WEAK = YES;
				CLANG_WARN_BLOCK_CAPTURE_AUTORELEASING = YES;
				CLANG_WARN_BOOL_CONVERSION = YES;
				CLANG_WARN_COMMA = YES;
				CLANG_WARN_CONSTANT_CONVERSION = YES;
				CLANG_WARN_DEPRECATED_OBJC_IMPLEMENTATIONS = YES;
				CLANG_WARN_DIRECT_OBJC_ISA_USAGE = YES_ERROR;
				CLANG_WARN_DOCUMENTATION_COMMENTS = YES;
				CLANG_WARN_EMPTY_BODY = YES;
				CLANG_WARN_ENUM_CONVERSION = YES;
				CLANG_WARN_INFINITE_RECURSION = YES;
				CLANG_WARN_INT_CONVERSION = YES;
				CLANG_WARN_NON_LITERAL_NULL_CONVERSION = YES;
				CLANG_WARN_OBJC_IMPLICIT_RETAIN_SELF = YES;
				CLANG_WARN_OBJC_LITERAL_CONVERSION = YES;
				CLANG_WARN_OBJC_ROOT_CLASS = YES_ERROR;
				CLANG_WARN_RANGE_LOOP_ANALYSIS = YES;
				CLANG_WARN_STRICT_PROTOTYPES = YES;
				CLANG_WARN_SUSPICIOUS_MOVE = YES;
				CLANG_WARN_UNGUARDED_AVAILABILITY = YES_AGGRESSIVE;
				CLANG_WARN_UNREACHABLE_CODE = YES;
				CLANG_WARN__DUPLICATE_METHOD_MATCH = YES;
				CODE_SIGN_IDENTITY = "iPhone Developer";
				COPY_PHASE_STRIP = NO;
				DEBUG_INFORMATION_FORMAT = "dwarf-with-dsym";
				ENABLE_NS_ASSERTIONS = NO;
				ENABLE_STRICT_OBJC_MSGSEND = YES;
				GCC_C_LANGUAGE_STANDARD = gnu11;
				GCC_NO_COMMON_BLOCKS = YES;
				GCC_WARN_64_TO_32_BIT_CONVERSION = YES;
				GCC_WARN_ABOUT_RETURN_TYPE = YES_ERROR;
				GCC_WARN_UNDECLARED_SELECTOR = YES;
				GCC_WARN_UNINITIALIZED_AUTOS = YES_AGGRESSIVE;
				GCC_WARN_UNUSED_FUNCTION = YES;
				GCC_WARN_UNUSED_VARIABLE = YES;
				IPHONEOS_DEPLOYMENT_TARGET = 12.0;
				MTL_ENABLE_DEBUG_INFO = NO;
				MTL_FAST_MATH = YES;
				SDKROOT = iphoneos;
				VALIDATE_PRODUCT = YES;
			};
			name = Release;
		};
		4DAF1A182181FE1400B91F80 /* Debug */ = {
			isa = XCBuildConfiguration;
			baseConfigurationReference = 1CE126BC766BBFA3A5AFB227 /* Pods-BOHAN-Custom.debug.xcconfig */;
			buildSettings = {
				ASSETCATALOG_COMPILER_APPICON_NAME = AppIcon;
				ASSETCATALOG_COMPILER_LAUNCHIMAGE_NAME = LaunchImage;
				CODE_SIGN_STYLE = Automatic;
				DEVELOPMENT_TEAM = AS4DPL2SAW;
				GCC_PRECOMPILE_PREFIX_HEADER = YES;
				GCC_PREFIX_HEADER = "$(SRCROOT)/BOHAN-Custom/FileHeader.pch";
				INFOPLIST_FILE = "BOHAN-Custom/Info.plist";
				IPHONEOS_DEPLOYMENT_TARGET = 9.0;
				LD_RUNPATH_SEARCH_PATHS = (
					"$(inherited)",
					"@executable_path/Frameworks",
				);
				PRODUCT_BUNDLE_IDENTIFIER = "com.bohan-Cuntom.bohan";
				PRODUCT_NAME = "$(TARGET_NAME)";
				TARGETED_DEVICE_FAMILY = "1,2";
			};
			name = Debug;
		};
		4DAF1A192181FE1400B91F80 /* Release */ = {
			isa = XCBuildConfiguration;
			baseConfigurationReference = D37C5EEA1CE84ABF8C49AE43 /* Pods-BOHAN-Custom.release.xcconfig */;
			buildSettings = {
				ASSETCATALOG_COMPILER_APPICON_NAME = AppIcon;
				ASSETCATALOG_COMPILER_LAUNCHIMAGE_NAME = LaunchImage;
				CODE_SIGN_STYLE = Automatic;
				DEVELOPMENT_TEAM = AS4DPL2SAW;
				GCC_PRECOMPILE_PREFIX_HEADER = YES;
				GCC_PREFIX_HEADER = "$(SRCROOT)/BOHAN-Custom/FileHeader.pch";
				INFOPLIST_FILE = "BOHAN-Custom/Info.plist";
				IPHONEOS_DEPLOYMENT_TARGET = 9.0;
				LD_RUNPATH_SEARCH_PATHS = (
					"$(inherited)",
					"@executable_path/Frameworks",
				);
				PRODUCT_BUNDLE_IDENTIFIER = "com.bohan-Cuntom.bohan";
				PRODUCT_NAME = "$(TARGET_NAME)";
				TARGETED_DEVICE_FAMILY = "1,2";
			};
			name = Release;
		};
		4DAF1A1B2181FE1400B91F80 /* Debug */ = {
			isa = XCBuildConfiguration;
			buildSettings = {
				BUNDLE_LOADER = "$(TEST_HOST)";
				CODE_SIGN_STYLE = Automatic;
				DEVELOPMENT_TEAM = "";
				INFOPLIST_FILE = "BOHAN-CustomTests/Info.plist";
				LD_RUNPATH_SEARCH_PATHS = (
					"$(inherited)",
					"@executable_path/Frameworks",
					"@loader_path/Frameworks",
				);
				PRODUCT_BUNDLE_IDENTIFIER = "zhangpeng.BOHAN-CustomTests";
				PRODUCT_NAME = "$(TARGET_NAME)";
				TARGETED_DEVICE_FAMILY = "1,2";
				TEST_HOST = "$(BUILT_PRODUCTS_DIR)/BOHAN-Custom.app/BOHAN-Custom";
			};
			name = Debug;
		};
		4DAF1A1C2181FE1400B91F80 /* Release */ = {
			isa = XCBuildConfiguration;
			buildSettings = {
				BUNDLE_LOADER = "$(TEST_HOST)";
				CODE_SIGN_STYLE = Automatic;
				DEVELOPMENT_TEAM = "";
				INFOPLIST_FILE = "BOHAN-CustomTests/Info.plist";
				LD_RUNPATH_SEARCH_PATHS = (
					"$(inherited)",
					"@executable_path/Frameworks",
					"@loader_path/Frameworks",
				);
				PRODUCT_BUNDLE_IDENTIFIER = "zhangpeng.BOHAN-CustomTests";
				PRODUCT_NAME = "$(TARGET_NAME)";
				TARGETED_DEVICE_FAMILY = "1,2";
				TEST_HOST = "$(BUILT_PRODUCTS_DIR)/BOHAN-Custom.app/BOHAN-Custom";
			};
			name = Release;
		};
		4DAF1A1E2181FE1400B91F80 /* Debug */ = {
			isa = XCBuildConfiguration;
			buildSettings = {
				CODE_SIGN_STYLE = Automatic;
				INFOPLIST_FILE = "BOHAN-CustomUITests/Info.plist";
				LD_RUNPATH_SEARCH_PATHS = (
					"$(inherited)",
					"@executable_path/Frameworks",
					"@loader_path/Frameworks",
				);
				PRODUCT_BUNDLE_IDENTIFIER = "zhangpeng.BOHAN-CustomUITests";
				PRODUCT_NAME = "$(TARGET_NAME)";
				TARGETED_DEVICE_FAMILY = "1,2";
				TEST_TARGET_NAME = "BOHAN-Custom";
			};
			name = Debug;
		};
		4DAF1A1F2181FE1400B91F80 /* Release */ = {
			isa = XCBuildConfiguration;
			buildSettings = {
				CODE_SIGN_STYLE = Automatic;
				INFOPLIST_FILE = "BOHAN-CustomUITests/Info.plist";
				LD_RUNPATH_SEARCH_PATHS = (
					"$(inherited)",
					"@executable_path/Frameworks",
					"@loader_path/Frameworks",
				);
				PRODUCT_BUNDLE_IDENTIFIER = "zhangpeng.BOHAN-CustomUITests";
				PRODUCT_NAME = "$(TARGET_NAME)";
				TARGETED_DEVICE_FAMILY = "1,2";
				TEST_TARGET_NAME = "BOHAN-Custom";
			};
			name = Release;
		};
/* End XCBuildConfiguration section */

/* Begin XCConfigurationList section */
		4DAF19E62181FE1300B91F80 /* Build configuration list for PBXProject "BOHAN-Custom" */ = {
			isa = XCConfigurationList;
			buildConfigurations = (
				4DAF1A152181FE1400B91F80 /* Debug */,
				4DAF1A162181FE1400B91F80 /* Release */,
			);
			defaultConfigurationIsVisible = 0;
			defaultConfigurationName = Release;
		};
		4DAF1A172181FE1400B91F80 /* Build configuration list for PBXNativeTarget "BOHAN-Custom" */ = {
			isa = XCConfigurationList;
			buildConfigurations = (
				4DAF1A182181FE1400B91F80 /* Debug */,
				4DAF1A192181FE1400B91F80 /* Release */,
			);
			defaultConfigurationIsVisible = 0;
			defaultConfigurationName = Release;
		};
		4DAF1A1A2181FE1400B91F80 /* Build configuration list for PBXNativeTarget "BOHAN-CustomTests" */ = {
			isa = XCConfigurationList;
			buildConfigurations = (
				4DAF1A1B2181FE1400B91F80 /* Debug */,
				4DAF1A1C2181FE1400B91F80 /* Release */,
			);
			defaultConfigurationIsVisible = 0;
			defaultConfigurationName = Release;
		};
		4DAF1A1D2181FE1400B91F80 /* Build configuration list for PBXNativeTarget "BOHAN-CustomUITests" */ = {
			isa = XCConfigurationList;
			buildConfigurations = (
				4DAF1A1E2181FE1400B91F80 /* Debug */,
				4DAF1A1F2181FE1400B91F80 /* Release */,
			);
			defaultConfigurationIsVisible = 0;
			defaultConfigurationName = Release;
		};
/* End XCConfigurationList section */
	};
	rootObject = 4DAF19E32181FE1300B91F80 /* Project object */;
}
