PODS:
  - AFNetworking (3.1.0):
    - AFNetworking/NSURLSession (= 3.1.0)
    - AFNetworking/Reachability (= 3.1.0)
    - AFNetworking/Security (= 3.1.0)
    - AFNetworking/Serialization (= 3.1.0)
    - AFNetworking/UIKit (= 3.1.0)
  - AFNetworking/NSURLSession (3.1.0):
    - AFNetworking/Reachability
    - AFNetworking/Security
    - AFNetworking/Serialization
  - AFNetworking/Reachability (3.1.0)
  - AFNetworking/Security (3.1.0)
  - AFNetworking/Serialization (3.1.0)
  - AFNetworking/UIKit (3.1.0):
    - AFNetworking/NSURLSession
  - IQKeyboardManager (6.0.6)
  - Masonry (1.0.2)
  - MJRefresh (3.1.15.3)
  - Realm (3.7.4):
    - Realm/Headers (= 3.7.4)
  - Realm/Headers (3.7.4)
  - SAMKeychain (1.5.3)
  - SocketRocket (0.5.1)
  - SVProgressHUD (2.2.5)

DEPENDENCIES:
  - AFNetworking (~> 3.1.0)
  - IQKeyboardManager
  - Masonry (= 1.0.2)
  - MJRefresh
  - Realm
  - SAMKeychain
  - SocketRocket
  - SVProgressHUD

SPEC REPOS:
  https://github.com/cocoapods/specs.git:
    - AFNetworking
    - IQKeyboardManager
    - Masonry
    - MJRefresh
    - Realm
    - SAMKeychain
    - SocketRocket
    - SVProgressHUD

SPEC CHECKSUMS:
  AFNetworking: 5e0e199f73d8626b11e79750991f5d173d1f8b67
  IQKeyboardManager: 6b4ecd3e59cf55a26133d802d4678721d7f88499
  Masonry: 7c429b56da9d4ee0bbb3ed77a5ea710d6a5df39e
  MJRefresh: b48380ae2b927b46c4ef000de9adb8dc748e1df7
  Realm: a469bb59e33f9926102ccaea4349822c53b9117e
  SAMKeychain: 483e1c9f32984d50ca961e26818a534283b4cd5c
  SocketRocket: d57c7159b83c3c6655745cd15302aa24b6bae531
  SVProgressHUD: 1428aafac632c1f86f62aa4243ec12008d7a51d6

PODFILE CHECKSUM: 0e7c9565e1ad7a51963f723a8409f9edd563e5dc

COCOAPODS: 1.5.3
